// !$*UTF8*$!
{
	archiveVersion = 1;
	classes = {
	};
	objectVersion = 56;
	objects = {

/* Begin PBXBuildFile section */
		36AE674829961FAF0013EF3B /* AppDelegate.m in Sources */ = {isa = PBXBuildFile; fileRef = 36AE674729961FAF0013EF3B /* AppDelegate.m */; };
		36AE674B29961FAF0013EF3B /* ViewController.m in Sources */ = {isa = PBXBuildFile; fileRef = 36AE674A29961FAF0013EF3B /* ViewController.m */; };
		36AE674D29961FB00013EF3B /* Assets.xcassets in Resources */ = {isa = PBXBuildFile; fileRef = 36AE674C29961FB00013EF3B /* Assets.xcassets */; };
		36AE675029961FB00013EF3B /* Main.storyboard in Resources */ = {isa = PBXBuildFile; fileRef = 36AE674E29961FB00013EF3B /* Main.storyboard */; };
		36AE675229961FB00013EF3B /* main.m in Sources */ = {isa = PBXBuildFile; fileRef = 36AE675129961FB00013EF3B /* main.m */; };
		36AE675D29961FB00013EF3B /* TFYMacOSAppKit_OCTests.m in Sources */ = {isa = PBXBuildFile; fileRef = 36AE675C29961FB00013EF3B /* TFYMacOSAppKit_OCTests.m */; };
		36AE676729961FB00013EF3B /* TFYMacOSAppKit_OCUITests.m in Sources */ = {isa = PBXBuildFile; fileRef = 36AE676629961FB00013EF3B /* TFYMacOSAppKit_OCUITests.m */; };
		36AE676929961FB00013EF3B /* TFYMacOSAppKit_OCUITestsLaunchTests.m in Sources */ = {isa = PBXBuildFile; fileRef = 36AE676829961FB00013EF3B /* TFYMacOSAppKit_OCUITestsLaunchTests.m */; };
/* End PBXBuildFile section */

/* Begin PBXContainerItemProxy section */
		36AE675929961FB00013EF3B /* PBXContainerItemProxy */ = {
			isa = PBXContainerItemProxy;
			containerPortal = 36AE673B29961FAF0013EF3B /* Project object */;
			proxyType = 1;
			remoteGlobalIDString = 36AE674229961FAF0013EF3B;
			remoteInfo = TFYMacOSAppKit_OC;
		};
		36AE676329961FB00013EF3B /* PBXContainerItemProxy */ = {
			isa = PBXContainerItemProxy;
			containerPortal = 36AE673B29961FAF0013EF3B /* Project object */;
			proxyType = 1;
			remoteGlobalIDString = 36AE674229961FAF0013EF3B;
			remoteInfo = TFYMacOSAppKit_OC;
		};
/* End PBXContainerItemProxy section */

/* Begin PBXFileReference section */
		36AE674329961FAF0013EF3B /* TFYMacOSAppKit_OC.app */ = {isa = PBXFileReference; explicitFileType = wrapper.application; includeInIndex = 0; path = TFYMacOSAppKit_OC.app; sourceTree = BUILT_PRODUCTS_DIR; };
		36AE674629961FAF0013EF3B /* AppDelegate.h */ = {isa = PBXFileReference; lastKnownFileType = sourcecode.c.h; path = AppDelegate.h; sourceTree = "<group>"; };
		36AE674729961FAF0013EF3B /* AppDelegate.m */ = {isa = PBXFileReference; lastKnownFileType = sourcecode.c.objc; path = AppDelegate.m; sourceTree = "<group>"; };
		36AE674929961FAF0013EF3B /* ViewController.h */ = {isa = PBXFileReference; lastKnownFileType = sourcecode.c.h; path = ViewController.h; sourceTree = "<group>"; };
		36AE674A29961FAF0013EF3B /* ViewController.m */ = {isa = PBXFileReference; lastKnownFileType = sourcecode.c.objc; path = ViewController.m; sourceTree = "<group>"; };
		36AE674C29961FB00013EF3B /* Assets.xcassets */ = {isa = PBXFileReference; lastKnownFileType = folder.assetcatalog; path = Assets.xcassets; sourceTree = "<group>"; };
		36AE674F29961FB00013EF3B /* Base */ = {isa = PBXFileReference; lastKnownFileType = file.storyboard; name = Base; path = Base.lproj/Main.storyboard; sourceTree = "<group>"; };
		36AE675129961FB00013EF3B /* main.m */ = {isa = PBXFileReference; lastKnownFileType = sourcecode.c.objc; path = main.m; sourceTree = "<group>"; };
		36AE675329961FB00013EF3B /* TFYMacOSAppKit_OC.entitlements */ = {isa = PBXFileReference; lastKnownFileType = text.plist.entitlements; path = TFYMacOSAppKit_OC.entitlements; sourceTree = "<group>"; };
		36AE675829961FB00013EF3B /* TFYMacOSAppKit_OCTests.xctest */ = {isa = PBXFileReference; explicitFileType = wrapper.cfbundle; includeInIndex = 0; path = TFYMacOSAppKit_OCTests.xctest; sourceTree = BUILT_PRODUCTS_DIR; };
		36AE675C29961FB00013EF3B /* TFYMacOSAppKit_OCTests.m */ = {isa = PBXFileReference; lastKnownFileType = sourcecode.c.objc; path = TFYMacOSAppKit_OCTests.m; sourceTree = "<group>"; };
		36AE676229961FB00013EF3B /* TFYMacOSAppKit_OCUITests.xctest */ = {isa = PBXFileReference; explicitFileType = wrapper.cfbundle; includeInIndex = 0; path = TFYMacOSAppKit_OCUITests.xctest; sourceTree = BUILT_PRODUCTS_DIR; };
		36AE676629961FB00013EF3B /* TFYMacOSAppKit_OCUITests.m */ = {isa = PBXFileReference; lastKnownFileType = sourcecode.c.objc; path = TFYMacOSAppKit_OCUITests.m; sourceTree = "<group>"; };
		36AE676829961FB00013EF3B /* TFYMacOSAppKit_OCUITestsLaunchTests.m */ = {isa = PBXFileReference; lastKnownFileType = sourcecode.c.objc; path = TFYMacOSAppKit_OCUITestsLaunchTests.m; sourceTree = "<group>"; };
/* End PBXFileReference section */

/* Begin PBXFrameworksBuildPhase section */
		36AE674029961FAF0013EF3B /* Frameworks */ = {
			isa = PBXFrameworksBuildPhase;
			buildActionMask = 2147483647;
			files = (
			);
			runOnlyForDeploymentPostprocessing = 0;
		};
		36AE675529961FB00013EF3B /* Frameworks */ = {
			isa = PBXFrameworksBuildPhase;
			buildActionMask = 2147483647;
			files = (
			);
			runOnlyForDeploymentPostprocessing = 0;
		};
		36AE675F29961FB00013EF3B /* Frameworks */ = {
			isa = PBXFrameworksBuildPhase;
			buildActionMask = 2147483647;
			files = (
			);
			runOnlyForDeploymentPostprocessing = 0;
		};
/* End PBXFrameworksBuildPhase section */

/* Begin PBXGroup section */
		36AE673A29961FAF0013EF3B = {
			isa = PBXGroup;
			children = (
				36AE674529961FAF0013EF3B /* TFYMacOSAppKit_OC */,
				36AE675B29961FB00013EF3B /* TFYMacOSAppKit_OCTests */,
				36AE676529961FB00013EF3B /* TFYMacOSAppKit_OCUITests */,
				36AE674429961FAF0013EF3B /* Products */,
			);
			sourceTree = "<group>";
		};
		36AE674429961FAF0013EF3B /* Products */ = {
			isa = PBXGroup;
			children = (
				36AE674329961FAF0013EF3B /* TFYMacOSAppKit_OC.app */,
				36AE675829961FB00013EF3B /* TFYMacOSAppKit_OCTests.xctest */,
				36AE676229961FB00013EF3B /* TFYMacOSAppKit_OCUITests.xctest */,
			);
			name = Products;
			sourceTree = "<group>";
		};
		36AE674529961FAF0013EF3B /* TFYMacOSAppKit_OC */ = {
			isa = PBXGroup;
			children = (
				36AE674629961FAF0013EF3B /* AppDelegate.h */,
				36AE674729961FAF0013EF3B /* AppDelegate.m */,
				36AE674929961FAF0013EF3B /* ViewController.h */,
				36AE674A29961FAF0013EF3B /* ViewController.m */,
				36AE674C29961FB00013EF3B /* Assets.xcassets */,
				36AE674E29961FB00013EF3B /* Main.storyboard */,
				36AE675129961FB00013EF3B /* main.m */,
				36AE675329961FB00013EF3B /* TFYMacOSAppKit_OC.entitlements */,
			);
			path = TFYMacOSAppKit_OC;
			sourceTree = "<group>";
		};
		36AE675B29961FB00013EF3B /* TFYMacOSAppKit_OCTests */ = {
			isa = PBXGroup;
			children = (
				36AE675C29961FB00013EF3B /* TFYMacOSAppKit_OCTests.m */,
			);
			path = TFYMacOSAppKit_OCTests;
			sourceTree = "<group>";
		};
		36AE676529961FB00013EF3B /* TFYMacOSAppKit_OCUITests */ = {
			isa = PBXGroup;
			children = (
				36AE676629961FB00013EF3B /* TFYMacOSAppKit_OCUITests.m */,
				36AE676829961FB00013EF3B /* TFYMacOSAppKit_OCUITestsLaunchTests.m */,
			);
			path = TFYMacOSAppKit_OCUITests;
			sourceTree = "<group>";
		};
/* End PBXGroup section */

/* Begin PBXNativeTarget section */
		36AE674229961FAF0013EF3B /* TFYMacOSAppKit_OC */ = {
			isa = PBXNativeTarget;
			buildConfigurationList = 36AE676C29961FB00013EF3B /* Build configuration list for PBXNativeTarget "TFYMacOSAppKit_OC" */;
			buildPhases = (
				36AE673F29961FAF0013EF3B /* Sources */,
				36AE674029961FAF0013EF3B /* Frameworks */,
				36AE674129961FAF0013EF3B /* Resources */,
			);
			buildRules = (
			);
			dependencies = (
			);
			name = TFYMacOSAppKit_OC;
			productName = TFYMacOSAppKit_OC;
			productReference = 36AE674329961FAF0013EF3B /* TFYMacOSAppKit_OC.app */;
			productType = "com.apple.product-type.application";
		};
		36AE675729961FB00013EF3B /* TFYMacOSAppKit_OCTests */ = {
			isa = PBXNativeTarget;
			buildConfigurationList = 36AE676F29961FB00013EF3B /* Build configuration list for PBXNativeTarget "TFYMacOSAppKit_OCTests" */;
			buildPhases = (
				36AE675429961FB00013EF3B /* Sources */,
				36AE675529961FB00013EF3B /* Frameworks */,
				36AE675629961FB00013EF3B /* Resources */,
			);
			buildRules = (
			);
			dependencies = (
				36AE675A29961FB00013EF3B /* PBXTargetDependency */,
			);
			name = TFYMacOSAppKit_OCTests;
			productName = TFYMacOSAppKit_OCTests;
			productReference = 36AE675829961FB00013EF3B /* TFYMacOSAppKit_OCTests.xctest */;
			productType = "com.apple.product-type.bundle.unit-test";
		};
		36AE676129961FB00013EF3B /* TFYMacOSAppKit_OCUITests */ = {
			isa = PBXNativeTarget;
			buildConfigurationList = 36AE677229961FB00013EF3B /* Build configuration list for PBXNativeTarget "TFYMacOSAppKit_OCUITests" */;
			buildPhases = (
				36AE675E29961FB00013EF3B /* Sources */,
				36AE675F29961FB00013EF3B /* Frameworks */,
				36AE676029961FB00013EF3B /* Resources */,
			);
			buildRules = (
			);
			dependencies = (
				36AE676429961FB00013EF3B /* PBXTargetDependency */,
			);
			name = TFYMacOSAppKit_OCUITests;
			productName = TFYMacOSAppKit_OCUITests;
			productReference = 36AE676229961FB00013EF3B /* TFYMacOSAppKit_OCUITests.xctest */;
			productType = "com.apple.product-type.bundle.ui-testing";
		};
/* End PBXNativeTarget section */

/* Begin PBXProject section */
		36AE673B29961FAF0013EF3B /* Project object */ = {
			isa = PBXProject;
			attributes = {
				BuildIndependentTargetsInParallel = 1;
				LastUpgradeCheck = 1420;
				TargetAttributes = {
					36AE674229961FAF0013EF3B = {
						CreatedOnToolsVersion = 14.2;
					};
					36AE675729961FB00013EF3B = {
						CreatedOnToolsVersion = 14.2;
						TestTargetID = 36AE674229961FAF0013EF3B;
					};
					36AE676129961FB00013EF3B = {
						CreatedOnToolsVersion = 14.2;
						TestTargetID = 36AE674229961FAF0013EF3B;
					};
				};
			};
			buildConfigurationList = 36AE673E29961FAF0013EF3B /* Build configuration list for PBXProject "TFYMacOSAppKit_OC" */;
			compatibilityVersion = "Xcode 14.0";
			developmentRegion = en;
			hasScannedForEncodings = 0;
			knownRegions = (
				en,
				Base,
			);
			mainGroup = 36AE673A29961FAF0013EF3B;
			productRefGroup = 36AE674429961FAF0013EF3B /* Products */;
			projectDirPath = "";
			projectRoot = "";
			targets = (
				36AE674229961FAF0013EF3B /* TFYMacOSAppKit_OC */,
				36AE675729961FB00013EF3B /* TFYMacOSAppKit_OCTests */,
				36AE676129961FB00013EF3B /* TFYMacOSAppKit_OCUITests */,
			);
		};
/* End PBXProject section */

/* Begin PBXResourcesBuildPhase section */
		36AE674129961FAF0013EF3B /* Resources */ = {
			isa = PBXResourcesBuildPhase;
			buildActionMask = 2147483647;
			files = (
				36AE674D29961FB00013EF3B /* Assets.xcassets in Resources */,
				36AE675029961FB00013EF3B /* Main.storyboard in Resources */,
			);
			runOnlyForDeploymentPostprocessing = 0;
		};
		36AE675629961FB00013EF3B /* Resources */ = {
			isa = PBXResourcesBuildPhase;
			buildActionMask = 2147483647;
			files = (
			);
			runOnlyForDeploymentPostprocessing = 0;
		};
		36AE676029961FB00013EF3B /* Resources */ = {
			isa = PBXResourcesBuildPhase;
			buildActionMask = 2147483647;
			files = (
			);
			runOnlyForDeploymentPostprocessing = 0;
		};
/* End PBXResourcesBuildPhase section */

/* Begin PBXSourcesBuildPhase section */
		36AE673F29961FAF0013EF3B /* Sources */ = {
			isa = PBXSourcesBuildPhase;
			buildActionMask = 2147483647;
			files = (
				36AE674B29961FAF0013EF3B /* ViewController.m in Sources */,
				36AE675229961FB00013EF3B /* main.m in Sources */,
				36AE674829961FAF0013EF3B /* AppDelegate.m in Sources */,
			);
			runOnlyForDeploymentPostprocessing = 0;
		};
		36AE675429961FB00013EF3B /* Sources */ = {
			isa = PBXSourcesBuildPhase;
			buildActionMask = 2147483647;
			files = (
				36AE675D29961FB00013EF3B /* TFYMacOSAppKit_OCTests.m in Sources */,
			);
			runOnlyForDeploymentPostprocessing = 0;
		};
		36AE675E29961FB00013EF3B /* Sources */ = {
			isa = PBXSourcesBuildPhase;
			buildActionMask = 2147483647;
			files = (
				36AE676729961FB00013EF3B /* TFYMacOSAppKit_OCUITests.m in Sources */,
				36AE676929961FB00013EF3B /* TFYMacOSAppKit_OCUITestsLaunchTests.m in Sources */,
			);
			runOnlyForDeploymentPostprocessing = 0;
		};
/* End PBXSourcesBuildPhase section */

/* Begin PBXTargetDependency section */
		36AE675A29961FB00013EF3B /* PBXTargetDependency */ = {
			isa = PBXTargetDependency;
			target = 36AE674229961FAF0013EF3B /* TFYMacOSAppKit_OC */;
			targetProxy = 36AE675929961FB00013EF3B /* PBXContainerItemProxy */;
		};
		36AE676429961FB00013EF3B /* PBXTargetDependency */ = {
			isa = PBXTargetDependency;
			target = 36AE674229961FAF0013EF3B /* TFYMacOSAppKit_OC */;
			targetProxy = 36AE676329961FB00013EF3B /* PBXContainerItemProxy */;
		};
/* End PBXTargetDependency section */

/* Begin PBXVariantGroup section */
		36AE674E29961FB00013EF3B /* Main.storyboard */ = {
			isa = PBXVariantGroup;
			children = (
				36AE674F29961FB00013EF3B /* Base */,
			);
			name = Main.storyboard;
			sourceTree = "<group>";
		};
/* End PBXVariantGroup section */

/* Begin XCBuildConfiguration section */
		36AE676A29961FB00013EF3B /* Debug */ = {
			isa = XCBuildConfiguration;
			buildSettings = {
				ALWAYS_SEARCH_USER_PATHS = NO;
				CLANG_ANALYZER_NONNULL = YES;
				CLANG_ANALYZER_NUMBER_OBJECT_CONVERSION = YES_AGGRESSIVE;
				CLANG_CXX_LANGUAGE_STANDARD = "gnu++20";
				CLANG_ENABLE_MODULES = YES;
				CLANG_ENABLE_OBJC_ARC = YES;
				CLANG_ENABLE_OBJC_WEAK = YES;
				CLANG_WARN_BLOCK_CAPTURE_AUTORELEASING = YES;
				CLANG_WARN_BOOL_CONVERSION = YES;
				CLANG_WARN_COMMA = YES;
				CLANG_WARN_CONSTANT_CONVERSION = YES;
				CLANG_WARN_DEPRECATED_OBJC_IMPLEMENTATIONS = YES;
				CLANG_WARN_DIRECT_OBJC_ISA_USAGE = YES_ERROR;
				CLANG_WARN_DOCUMENTATION_COMMENTS = YES;
				CLANG_WARN_EMPTY_BODY = YES;
				CLANG_WARN_ENUM_CONVERSION = YES;
				CLANG_WARN_INFINITE_RECURSION = YES;
				CLANG_WARN_INT_CONVERSION = YES;
				CLANG_WARN_NON_LITERAL_NULL_CONVERSION = YES;
				CLANG_WARN_OBJC_IMPLICIT_RETAIN_SELF = YES;
				CLANG_WARN_OBJC_LITERAL_CONVERSION = YES;
				CLANG_WARN_OBJC_ROOT_CLASS = YES_ERROR;
				CLANG_WARN_QUOTED_INCLUDE_IN_FRAMEWORK_HEADER = YES;
				CLANG_WARN_RANGE_LOOP_ANALYSIS = YES;
				CLANG_WARN_STRICT_PROTOTYPES = YES;
				CLANG_WARN_SUSPICIOUS_MOVE = YES;
				CLANG_WARN_UNGUARDED_AVAILABILITY = YES_AGGRESSIVE;
				CLANG_WARN_UNREACHABLE_CODE = YES;
				CLANG_WARN__DUPLICATE_METHOD_MATCH = YES;
				COPY_PHASE_STRIP = NO;
				DEBUG_INFORMATION_FORMAT = dwarf;
				ENABLE_STRICT_OBJC_MSGSEND = YES;
				ENABLE_TESTABILITY = YES;
				GCC_C_LANGUAGE_STANDARD = gnu11;
				GCC_DYNAMIC_NO_PIC = NO;
				GCC_NO_COMMON_BLOCKS = YES;
				GCC_OPTIMIZATION_LEVEL = 0;
				GCC_PREPROCESSOR_DEFINITIONS = (
					"DEBUG=1",
					"$(inherited)",
				);
				GCC_WARN_64_TO_32_BIT_CONVERSION = YES;
				GCC_WARN_ABOUT_RETURN_TYPE = YES_ERROR;
				GCC_WARN_UNDECLARED_SELECTOR = YES;
				GCC_WARN_UNINITIALIZED_AUTOS = YES_AGGRESSIVE;
				GCC_WARN_UNUSED_FUNCTION = YES;
				GCC_WARN_UNUSED_VARIABLE = YES;
				MACOSX_DEPLOYMENT_TARGET = 13.1;
				MTL_ENABLE_DEBUG_INFO = INCLUDE_SOURCE;
				MTL_FAST_MATH = YES;
				ONLY_ACTIVE_ARCH = YES;
				SDKROOT = macosx;
			};
			name = Debug;
		};
		36AE676B29961FB00013EF3B /* Release */ = {
			isa = XCBuildConfiguration;
			buildSettings = {
				ALWAYS_SEARCH_USER_PATHS = NO;
				CLANG_ANALYZER_NONNULL = YES;
				CLANG_ANALYZER_NUMBER_OBJECT_CONVERSION = YES_AGGRESSIVE;
				CLANG_CXX_LANGUAGE_STANDARD = "gnu++20";
				CLANG_ENABLE_MODULES = YES;
				CLANG_ENABLE_OBJC_ARC = YES;
				CLANG_ENABLE_OBJC_WEAK = YES;
				CLANG_WARN_BLOCK_CAPTURE_AUTORELEASING = YES;
				CLANG_WARN_BOOL_CONVERSION = YES;
				CLANG_WARN_COMMA = YES;
				CLANG_WARN_CONSTANT_CONVERSION = YES;
				CLANG_WARN_DEPRECATED_OBJC_IMPLEMENTATIONS = YES;
				CLANG_WARN_DIRECT_OBJC_ISA_USAGE = YES_ERROR;
				CLANG_WARN_DOCUMENTATION_COMMENTS = YES;
				CLANG_WARN_EMPTY_BODY = YES;
				CLANG_WARN_ENUM_CONVERSION = YES;
				CLANG_WARN_INFINITE_RECURSION = YES;
				CLANG_WARN_INT_CONVERSION = YES;
				CLANG_WARN_NON_LITERAL_NULL_CONVERSION = YES;
				CLANG_WARN_OBJC_IMPLICIT_RETAIN_SELF = YES;
				CLANG_WARN_OBJC_LITERAL_CONVERSION = YES;
				CLANG_WARN_OBJC_ROOT_CLASS = YES_ERROR;
				CLANG_WARN_QUOTED_INCLUDE_IN_FRAMEWORK_HEADER = YES;
				CLANG_WARN_RANGE_LOOP_ANALYSIS = YES;
				CLANG_WARN_STRICT_PROTOTYPES = YES;
				CLANG_WARN_SUSPICIOUS_MOVE = YES;
				CLANG_WARN_UNGUARDED_AVAILABILITY = YES_AGGRESSIVE;
				CLANG_WARN_UNREACHABLE_CODE = YES;
				CLANG_WARN__DUPLICATE_METHOD_MATCH = YES;
				COPY_PHASE_STRIP = NO;
				DEBUG_INFORMATION_FORMAT = "dwarf-with-dsym";
				ENABLE_NS_ASSERTIONS = NO;
				ENABLE_STRICT_OBJC_MSGSEND = YES;
				GCC_C_LANGUAGE_STANDARD = gnu11;
				GCC_NO_COMMON_BLOCKS = YES;
				GCC_WARN_64_TO_32_BIT_CONVERSION = YES;
				GCC_WARN_ABOUT_RETURN_TYPE = YES_ERROR;
				GCC_WARN_UNDECLARED_SELECTOR = YES;
				GCC_WARN_UNINITIALIZED_AUTOS = YES_AGGRESSIVE;
				GCC_WARN_UNUSED_FUNCTION = YES;
				GCC_WARN_UNUSED_VARIABLE = YES;
				MACOSX_DEPLOYMENT_TARGET = 13.1;
				MTL_ENABLE_DEBUG_INFO = NO;
				MTL_FAST_MATH = YES;
				SDKROOT = macosx;
			};
			name = Release;
		};
		36AE676D29961FB00013EF3B /* Debug */ = {
			isa = XCBuildConfiguration;
			buildSettings = {
				ASSETCATALOG_COMPILER_APPICON_NAME = AppIcon;
				ASSETCATALOG_COMPILER_GLOBAL_ACCENT_COLOR_NAME = AccentColor;
				CODE_SIGN_ENTITLEMENTS = TFYMacOSAppKit_OC/TFYMacOSAppKit_OC.entitlements;
				CODE_SIGN_STYLE = Automatic;
				COMBINE_HIDPI_IMAGES = YES;
				CURRENT_PROJECT_VERSION = 1;
				DEVELOPMENT_TEAM = QH95759TSS;
				ENABLE_HARDENED_RUNTIME = YES;
				GENERATE_INFOPLIST_FILE = YES;
				INFOPLIST_KEY_NSHumanReadableCopyright = "";
				INFOPLIST_KEY_NSMainStoryboardFile = Main;
				INFOPLIST_KEY_NSPrincipalClass = NSApplication;
				LD_RUNPATH_SEARCH_PATHS = (
					"$(inherited)",
					"@executable_path/../Frameworks",
				);
				MARKETING_VERSION = 1.0;
				PRODUCT_BUNDLE_IDENTIFIER = "com.tfy.chat.company.TFYMacOSAppKit-OC";
				PRODUCT_NAME = "$(TARGET_NAME)";
				SWIFT_EMIT_LOC_STRINGS = YES;
			};
			name = Debug;
		};
		36AE676E29961FB00013EF3B /* Release */ = {
			isa = XCBuildConfiguration;
			buildSettings = {
				ASSETCATALOG_COMPILER_APPICON_NAME = AppIcon;
				ASSETCATALOG_COMPILER_GLOBAL_ACCENT_COLOR_NAME = AccentColor;
				CODE_SIGN_ENTITLEMENTS = TFYMacOSAppKit_OC/TFYMacOSAppKit_OC.entitlements;
				CODE_SIGN_STYLE = Automatic;
				COMBINE_HIDPI_IMAGES = YES;
				CURRENT_PROJECT_VERSION = 1;
				DEVELOPMENT_TEAM = QH95759TSS;
				ENABLE_HARDENED_RUNTIME = YES;
				GENERATE_INFOPLIST_FILE = YES;
				INFOPLIST_KEY_NSHumanReadableCopyright = "";
				INFOPLIST_KEY_NSMainStoryboardFile = Main;
				INFOPLIST_KEY_NSPrincipalClass = NSApplication;
				LD_RUNPATH_SEARCH_PATHS = (
					"$(inherited)",
					"@executable_path/../Frameworks",
				);
				MARKETING_VERSION = 1.0;
				PRODUCT_BUNDLE_IDENTIFIER = "com.tfy.chat.company.TFYMacOSAppKit-OC";
				PRODUCT_NAME = "$(TARGET_NAME)";
				SWIFT_EMIT_LOC_STRINGS = YES;
			};
			name = Release;
		};
		36AE677029961FB00013EF3B /* Debug */ = {
			isa = XCBuildConfiguration;
			buildSettings = {
				BUNDLE_LOADER = "$(TEST_HOST)";
				CODE_SIGN_STYLE = Automatic;
				CURRENT_PROJECT_VERSION = 1;
				DEVELOPMENT_TEAM = QH95759TSS;
				GENERATE_INFOPLIST_FILE = YES;
				MACOSX_DEPLOYMENT_TARGET = 13.1;
				MARKETING_VERSION = 1.0;
				PRODUCT_BUNDLE_IDENTIFIER = "com.tfy.chat.company.TFYMacOSAppKit-OCTests";
				PRODUCT_NAME = "$(TARGET_NAME)";
				SWIFT_EMIT_LOC_STRINGS = NO;
				TEST_HOST = "$(BUILT_PRODUCTS_DIR)/TFYMacOSAppKit_OC.app/$(BUNDLE_EXECUTABLE_FOLDER_PATH)/TFYMacOSAppKit_OC";
			};
			name = Debug;
		};
		36AE677129961FB00013EF3B /* Release */ = {
			isa = XCBuildConfiguration;
			buildSettings = {
				BUNDLE_LOADER = "$(TEST_HOST)";
				CODE_SIGN_STYLE = Automatic;
				CURRENT_PROJECT_VERSION = 1;
				DEVELOPMENT_TEAM = QH95759TSS;
				GENERATE_INFOPLIST_FILE = YES;
				MACOSX_DEPLOYMENT_TARGET = 13.1;
				MARKETING_VERSION = 1.0;
				PRODUCT_BUNDLE_IDENTIFIER = "com.tfy.chat.company.TFYMacOSAppKit-OCTests";
				PRODUCT_NAME = "$(TARGET_NAME)";
				SWIFT_EMIT_LOC_STRINGS = NO;
				TEST_HOST = "$(BUILT_PRODUCTS_DIR)/TFYMacOSAppKit_OC.app/$(BUNDLE_EXECUTABLE_FOLDER_PATH)/TFYMacOSAppKit_OC";
			};
			name = Release;
		};
		36AE677329961FB00013EF3B /* Debug */ = {
			isa = XCBuildConfiguration;
			buildSettings = {
				CODE_SIGN_STYLE = Automatic;
				CURRENT_PROJECT_VERSION = 1;
				DEVELOPMENT_TEAM = QH95759TSS;
				GENERATE_INFOPLIST_FILE = YES;
				MARKETING_VERSION = 1.0;
				PRODUCT_BUNDLE_IDENTIFIER = "com.tfy.chat.company.TFYMacOSAppKit-OCUITests";
				PRODUCT_NAME = "$(TARGET_NAME)";
				SWIFT_EMIT_LOC_STRINGS = NO;
				TEST_TARGET_NAME = TFYMacOSAppKit_OC;
			};
			name = Debug;
		};
		36AE677429961FB00013EF3B /* Release */ = {
			isa = XCBuildConfiguration;
			buildSettings = {
				CODE_SIGN_STYLE = Automatic;
				CURRENT_PROJECT_VERSION = 1;
				DEVELOPMENT_TEAM = QH95759TSS;
				GENERATE_INFOPLIST_FILE = YES;
				MARKETING_VERSION = 1.0;
				PRODUCT_BUNDLE_IDENTIFIER = "com.tfy.chat.company.TFYMacOSAppKit-OCUITests";
				PRODUCT_NAME = "$(TARGET_NAME)";
				SWIFT_EMIT_LOC_STRINGS = NO;
				TEST_TARGET_NAME = TFYMacOSAppKit_OC;
			};
			name = Release;
		};
/* End XCBuildConfiguration section */

/* Begin XCConfigurationList section */
		36AE673E29961FAF0013EF3B /* Build configuration list for PBXProject "TFYMacOSAppKit_OC" */ = {
			isa = XCConfigurationList;
			buildConfigurations = (
				36AE676A29961FB00013EF3B /* Debug */,
				36AE676B29961FB00013EF3B /* Release */,
			);
			defaultConfigurationIsVisible = 0;
			defaultConfigurationName = Release;
		};
		36AE676C29961FB00013EF3B /* Build configuration list for PBXNativeTarget "TFYMacOSAppKit_OC" */ = {
			isa = XCConfigurationList;
			buildConfigurations = (
				36AE676D29961FB00013EF3B /* Debug */,
				36AE676E29961FB00013EF3B /* Release */,
			);
			defaultConfigurationIsVisible = 0;
			defaultConfigurationName = Release;
		};
		36AE676F29961FB00013EF3B /* Build configuration list for PBXNativeTarget "TFYMacOSAppKit_OCTests" */ = {
			isa = XCConfigurationList;
			buildConfigurations = (
				36AE677029961FB00013EF3B /* Debug */,
				36AE677129961FB00013EF3B /* Release */,
			);
			defaultConfigurationIsVisible = 0;
			defaultConfigurationName = Release;
		};
		36AE677229961FB00013EF3B /* Build configuration list for PBXNativeTarget "TFYMacOSAppKit_OCUITests" */ = {
			isa = XCConfigurationList;
			buildConfigurations = (
				36AE677329961FB00013EF3B /* Debug */,
				36AE677429961FB00013EF3B /* Release */,
			);
			defaultConfigurationIsVisible = 0;
			defaultConfigurationName = Release;
		};
/* End XCConfigurationList section */
	};
	rootObject = 36AE673B29961FAF0013EF3B /* Project object */;
}
