// !$*UTF8*$!
{
	archiveVersion = 1;
	classes = {
	};
	objectVersion = 56;
	objects = {

/* Begin PBXBuildFile section */
		36AE674829961FAF0013EF3B /* AppDelegate.m in Sources */ = {isa = PBXBuildFile; fileRef = 36AE674729961FAF0013EF3B /* AppDelegate.m */; };
		36AE674B29961FAF0013EF3B /* ViewController.m in Sources */ = {isa = PBXBuildFile; fileRef = 36AE674A29961FAF0013EF3B /* ViewController.m */; };
		36AE674D29961FB00013EF3B /* Assets.xcassets in Resources */ = {isa = PBXBuildFile; fileRef = 36AE674C29961FB00013EF3B /* Assets.xcassets */; };
		36AE675029961FB00013EF3B /* Main.storyboard in Resources */ = {isa = PBXBuildFile; fileRef = 36AE674E29961FB00013EF3B /* Main.storyboard */; };
		36AE675229961FB00013EF3B /* main.m in Sources */ = {isa = PBXBuildFile; fileRef = 36AE675129961FB00013EF3B /* main.m */; };
		36AE675D29961FB00013EF3B /* TFYMacOSAppKit_OCTests.m in Sources */ = {isa = PBXBuildFile; fileRef = 36AE675C29961FB00013EF3B /* TFYMacOSAppKit_OCTests.m */; };
		36AE676729961FB00013EF3B /* TFYMacOSAppKit_OCUITests.m in Sources */ = {isa = PBXBuildFile; fileRef = 36AE676629961FB00013EF3B /* TFYMacOSAppKit_OCUITests.m */; };
		36AE676929961FB00013EF3B /* TFYMacOSAppKit_OCUITestsLaunchTests.m in Sources */ = {isa = PBXBuildFile; fileRef = 36AE676829961FB00013EF3B /* TFYMacOSAppKit_OCUITestsLaunchTests.m */; };
		36AE67CC29961FFF0013EF3B /* NSDictionary+Dejal.m in Sources */ = {isa = PBXBuildFile; fileRef = 36AE677829961FFE0013EF3B /* NSDictionary+Dejal.m */; };
		36AE67CD29961FFF0013EF3B /* NSObject+AppKit+Dejal.m in Sources */ = {isa = PBXBuildFile; fileRef = 36AE677A29961FFE0013EF3B /* NSObject+AppKit+Dejal.m */; };
		36AE67CE29961FFF0013EF3B /* NSMutableAttributedString+Parse.m in Sources */ = {isa = PBXBuildFile; fileRef = 36AE677B29961FFE0013EF3B /* NSMutableAttributedString+Parse.m */; };
		36AE67CF29961FFF0013EF3B /* NSString+Dejal.m in Sources */ = {isa = PBXBuildFile; fileRef = 36AE677D29961FFE0013EF3B /* NSString+Dejal.m */; };
		36AE67D029961FFF0013EF3B /* NSMutableAttributedString+CTFrameRef.m in Sources */ = {isa = PBXBuildFile; fileRef = 36AE677F29961FFE0013EF3B /* NSMutableAttributedString+CTFrameRef.m */; };
		36AE67D129961FFF0013EF3B /* NSString+AppKit+Dejal.m in Sources */ = {isa = PBXBuildFile; fileRef = 36AE678029961FFE0013EF3B /* NSString+AppKit+Dejal.m */; };
		36AE67D229961FFF0013EF3B /* NSDate+Dejal.m in Sources */ = {isa = PBXBuildFile; fileRef = 36AE678129961FFE0013EF3B /* NSDate+Dejal.m */; };
		36AE67D329961FFF0013EF3B /* NSAttributedString+Dejal.m in Sources */ = {isa = PBXBuildFile; fileRef = 36AE678229961FFE0013EF3B /* NSAttributedString+Dejal.m */; };
		36AE67D429961FFF0013EF3B /* NSFileManager+AppKit+Dejal.m in Sources */ = {isa = PBXBuildFile; fileRef = 36AE678429961FFE0013EF3B /* NSFileManager+AppKit+Dejal.m */; };
		36AE67D529961FFF0013EF3B /* NSUserDefaults+Dejal.m in Sources */ = {isa = PBXBuildFile; fileRef = 36AE678629961FFE0013EF3B /* NSUserDefaults+Dejal.m */; };
		36AE67D629961FFF0013EF3B /* TFYAttributedImageInfo.m in Sources */ = {isa = PBXBuildFile; fileRef = 36AE678729961FFE0013EF3B /* TFYAttributedImageInfo.m */; };
		36AE67D729961FFF0013EF3B /* NSUserDefaults+AppKit+Dejal.m in Sources */ = {isa = PBXBuildFile; fileRef = 36AE678929961FFE0013EF3B /* NSUserDefaults+AppKit+Dejal.m */; };
		36AE67D829961FFF0013EF3B /* NSData+Dejal.m in Sources */ = {isa = PBXBuildFile; fileRef = 36AE678B29961FFE0013EF3B /* NSData+Dejal.m */; };
		36AE67D929961FFF0013EF3B /* NSDictionary+AppKit+Dejal.m in Sources */ = {isa = PBXBuildFile; fileRef = 36AE678D29961FFE0013EF3B /* NSDictionary+AppKit+Dejal.m */; };
		36AE67DA29961FFF0013EF3B /* NSObject+Dejal.m in Sources */ = {isa = PBXBuildFile; fileRef = 36AE679229961FFE0013EF3B /* NSObject+Dejal.m */; };
		36AE67DB29961FFF0013EF3B /* NSAttributedString+AppKit+Dejal.m in Sources */ = {isa = PBXBuildFile; fileRef = 36AE679329961FFE0013EF3B /* NSAttributedString+AppKit+Dejal.m */; };
		36AE67DC29961FFF0013EF3B /* NSMutableAttributedString+Config.m in Sources */ = {isa = PBXBuildFile; fileRef = 36AE679529961FFE0013EF3B /* NSMutableAttributedString+Config.m */; };
		36AE67DD29961FFF0013EF3B /* NSFileManager+Dejal.m in Sources */ = {isa = PBXBuildFile; fileRef = 36AE679729961FFE0013EF3B /* NSFileManager+Dejal.m */; };
		36AE67DE29961FFF0013EF3B /* NSArray+Dejal.m in Sources */ = {isa = PBXBuildFile; fileRef = 36AE679A29961FFE0013EF3B /* NSArray+Dejal.m */; };
		36AE67DF29961FFF0013EF3B /* NSButton+Dejal.m in Sources */ = {isa = PBXBuildFile; fileRef = 36AE679F29961FFE0013EF3B /* NSButton+Dejal.m */; };
		36AE67E029961FFF0013EF3B /* NSSplitView+Dejal.m in Sources */ = {isa = PBXBuildFile; fileRef = 36AE67A129961FFE0013EF3B /* NSSplitView+Dejal.m */; };
		36AE67E129961FFF0013EF3B /* NSTextView+Dejal.m in Sources */ = {isa = PBXBuildFile; fileRef = 36AE67A529961FFE0013EF3B /* NSTextView+Dejal.m */; };
		36AE67E229961FFF0013EF3B /* NSColor+Dejal.m in Sources */ = {isa = PBXBuildFile; fileRef = 36AE67A729961FFF0013EF3B /* NSColor+Dejal.m */; };
		36AE67E329961FFF0013EF3B /* NSPopUpButton+Dejal.m in Sources */ = {isa = PBXBuildFile; fileRef = 36AE67A829961FFF0013EF3B /* NSPopUpButton+Dejal.m */; };
		36AE67E429961FFF0013EF3B /* NSToolbar+Dejal.m in Sources */ = {isa = PBXBuildFile; fileRef = 36AE67AA29961FFF0013EF3B /* NSToolbar+Dejal.m */; };
		36AE67E529961FFF0013EF3B /* NSProgressIndicator+Dejal.m in Sources */ = {isa = PBXBuildFile; fileRef = 36AE67AB29961FFF0013EF3B /* NSProgressIndicator+Dejal.m */; };
		36AE67E629961FFF0013EF3B /* NSViewController+Hook.m in Sources */ = {isa = PBXBuildFile; fileRef = 36AE67AC29961FFF0013EF3B /* NSViewController+Hook.m */; };
		36AE67E729961FFF0013EF3B /* NSView+Dejal.m in Sources */ = {isa = PBXBuildFile; fileRef = 36AE67AD29961FFF0013EF3B /* NSView+Dejal.m */; };
		36AE67E829961FFF0013EF3B /* NSPopover+Hook.m in Sources */ = {isa = PBXBuildFile; fileRef = 36AE67AE29961FFF0013EF3B /* NSPopover+Hook.m */; };
		36AE67E929961FFF0013EF3B /* NSMenu+Dejal.m in Sources */ = {isa = PBXBuildFile; fileRef = 36AE67AF29961FFF0013EF3B /* NSMenu+Dejal.m */; };
		36AE67EA29961FFF0013EF3B /* NSViewController+Dejal.m in Sources */ = {isa = PBXBuildFile; fileRef = 36AE67B029961FFF0013EF3B /* NSViewController+Dejal.m */; };
		36AE67EB29961FFF0013EF3B /* NSTextField+Dejal.m in Sources */ = {isa = PBXBuildFile; fileRef = 36AE67B229961FFF0013EF3B /* NSTextField+Dejal.m */; };
		36AE67EC29961FFF0013EF3B /* NSWindow+Dejal.m in Sources */ = {isa = PBXBuildFile; fileRef = 36AE67B329961FFF0013EF3B /* NSWindow+Dejal.m */; };
		36AE67ED29961FFF0013EF3B /* NSImage+Dejal.m in Sources */ = {isa = PBXBuildFile; fileRef = 36AE67B629961FFF0013EF3B /* NSImage+Dejal.m */; };
		36AE67EE29961FFF0013EF3B /* NSTableView+Dejal.m in Sources */ = {isa = PBXBuildFile; fileRef = 36AE67B729961FFF0013EF3B /* NSTableView+Dejal.m */; };
		36AE67EF29961FFF0013EF3B /* NSScreen+Dejal.m in Sources */ = {isa = PBXBuildFile; fileRef = 36AE67BA29961FFF0013EF3B /* NSScreen+Dejal.m */; };
		36AE67F029961FFF0013EF3B /* NSOutlineView+Dejal.m in Sources */ = {isa = PBXBuildFile; fileRef = 36AE67BC29961FFF0013EF3B /* NSOutlineView+Dejal.m */; };
		36AE67F129961FFF0013EF3B /* TFYButton.m in Sources */ = {isa = PBXBuildFile; fileRef = 36AE67C629961FFF0013EF3B /* TFYButton.m */; };
		36AE67F229961FFF0013EF3B /* TFYLabel.m in Sources */ = {isa = PBXBuildFile; fileRef = 36AE67CA29961FFF0013EF3B /* TFYLabel.m */; };
		36AE67F329961FFF0013EF3B /* TFYAttributedLabel.m in Sources */ = {isa = PBXBuildFile; fileRef = 36AE67CB29961FFF0013EF3B /* TFYAttributedLabel.m */; };
		36AE67FA299726C90013EF3B /* TFYTextField.m in Sources */ = {isa = PBXBuildFile; fileRef = 36AE67F9299726C90013EF3B /* TFYTextField.m */; };
		36AE680D299737620013EF3B /* NSArray+TFY_Tools.m in Sources */ = {isa = PBXBuildFile; fileRef = 36AE67FB299737610013EF3B /* NSArray+TFY_Tools.m */; };
		36AE680E299737620013EF3B /* NSMutableParagraphStyle+TFY_Chain.m in Sources */ = {isa = PBXBuildFile; fileRef = 36AE67FF299737610013EF3B /* NSMutableParagraphStyle+TFY_Chain.m */; };
		36AE680F299737620013EF3B /* NSNumber+TFY_Tools.m in Sources */ = {isa = PBXBuildFile; fileRef = 36AE6801299737610013EF3B /* NSNumber+TFY_Tools.m */; };
		36AE6811299737620013EF3B /* NSData+TFY_Data.m in Sources */ = {isa = PBXBuildFile; fileRef = 36AE6804299737620013EF3B /* NSData+TFY_Data.m */; };
		36AE6812299737620013EF3B /* NSAttributedString+TFY_Tools.m in Sources */ = {isa = PBXBuildFile; fileRef = 36AE6807299737620013EF3B /* NSAttributedString+TFY_Tools.m */; };
		36AE6813299737620013EF3B /* NSString+Extend.m in Sources */ = {isa = PBXBuildFile; fileRef = 36AE680A299737620013EF3B /* NSString+Extend.m */; };
		36AE6814299737620013EF3B /* NSDictionary+TFY_Tools.m in Sources */ = {isa = PBXBuildFile; fileRef = 36AE680B299737620013EF3B /* NSDictionary+TFY_Tools.m */; };
		36AE6815299737620013EF3B /* NSMutableAttributedString+TFY_Tools.m in Sources */ = {isa = PBXBuildFile; fileRef = 36AE680C299737620013EF3B /* NSMutableAttributedString+TFY_Tools.m */; };
		36AE6818299737A80013EF3B /* NSString+TFY_String.m in Sources */ = {isa = PBXBuildFile; fileRef = 36AE6816299737A70013EF3B /* NSString+TFY_String.m */; };
		36AE681B299737FA0013EF3B /* NSFileManager+TFY_Tools.m in Sources */ = {isa = PBXBuildFile; fileRef = 36AE681A299737FA0013EF3B /* NSFileManager+TFY_Tools.m */; };
		36AE6825299741580013EF3B /* TFYChainBaseModel.m in Sources */ = {isa = PBXBuildFile; fileRef = 36AE6824299741580013EF3B /* TFYChainBaseModel.m */; };
		36AE682A299743ED0013EF3B /* TFYBaseLayerChainModel.m in Sources */ = {isa = PBXBuildFile; fileRef = 36AE6829299743ED0013EF3B /* TFYBaseLayerChainModel.m */; };
		36AE682D299748480013EF3B /* TFYEmiiterLayerChainModel.m in Sources */ = {isa = PBXBuildFile; fileRef = 36AE682C299748480013EF3B /* TFYEmiiterLayerChainModel.m */; };
		36AE683029974DB30013EF3B /* TFYGradientLayerChainModel.m in Sources */ = {isa = PBXBuildFile; fileRef = 36AE682F29974DB30013EF3B /* TFYGradientLayerChainModel.m */; };
		36AE683329974E740013EF3B /* TFYLayerChainModel.m in Sources */ = {isa = PBXBuildFile; fileRef = 36AE683229974E740013EF3B /* TFYLayerChainModel.m */; };
		36AE683629974EC90013EF3B /* TFYReplicatorLayerChainModel.m in Sources */ = {isa = PBXBuildFile; fileRef = 36AE683529974EC90013EF3B /* TFYReplicatorLayerChainModel.m */; };
		36AE683929974F330013EF3B /* TFYScrollLayerChainModel.m in Sources */ = {isa = PBXBuildFile; fileRef = 36AE683829974F330013EF3B /* TFYScrollLayerChainModel.m */; };
		36AE683C29974FA20013EF3B /* TFYShaperLayerChainModel.m in Sources */ = {isa = PBXBuildFile; fileRef = 36AE683B29974FA20013EF3B /* TFYShaperLayerChainModel.m */; };
		36AE683F299750090013EF3B /* TFYTextLayerChainModel.m in Sources */ = {isa = PBXBuildFile; fileRef = 36AE683E299750090013EF3B /* TFYTextLayerChainModel.m */; };
		36AE6842299750690013EF3B /* TFYTiledLayerChainModel.m in Sources */ = {isa = PBXBuildFile; fileRef = 36AE6841299750690013EF3B /* TFYTiledLayerChainModel.m */; };
		36AE6845299750BF0013EF3B /* TFYTransFormLayerChainModel.m in Sources */ = {isa = PBXBuildFile; fileRef = 36AE6844299750BF0013EF3B /* TFYTransFormLayerChainModel.m */; };
		36AE6848299751220013EF3B /* CALayer+TFY_Chain.m in Sources */ = {isa = PBXBuildFile; fileRef = 36AE6847299751220013EF3B /* CALayer+TFY_Chain.m */; };
		36AE684B299751DC0013EF3B /* TFYBaseGestureChainModel.m in Sources */ = {isa = PBXBuildFile; fileRef = 36AE684A299751DC0013EF3B /* TFYBaseGestureChainModel.m */; };
		36AE684F29975D7B0013EF3B /* TFYLongPressGestureChainModel.m in Sources */ = {isa = PBXBuildFile; fileRef = 36AE684E29975D7B0013EF3B /* TFYLongPressGestureChainModel.m */; };
		36AE685229975F320013EF3B /* TFYPanGestureChainModel.m in Sources */ = {isa = PBXBuildFile; fileRef = 36AE685129975F320013EF3B /* TFYPanGestureChainModel.m */; };
		36AE6858299761580013EF3B /* TFYRotationGestureChainModel.m in Sources */ = {isa = PBXBuildFile; fileRef = 36AE6857299761580013EF3B /* TFYRotationGestureChainModel.m */; };
		36AE685B299762010013EF3B /* TFYSwipeGestureChainModel.m in Sources */ = {isa = PBXBuildFile; fileRef = 36AE685A299762010013EF3B /* TFYSwipeGestureChainModel.m */; };
		36AE685F299763E40013EF3B /* NSView+TFY_Tools.m in Sources */ = {isa = PBXBuildFile; fileRef = 36AE685E299763E40013EF3B /* NSView+TFY_Tools.m */; };
		36AE6862299767880013EF3B /* TFYBaseViewChainModel.m in Sources */ = {isa = PBXBuildFile; fileRef = 36AE6861299767880013EF3B /* TFYBaseViewChainModel.m */; };
		36AE6865299770850013EF3B /* NSGestureRecognizer+TFY_Tools.m in Sources */ = {isa = PBXBuildFile; fileRef = 36AE6864299770850013EF3B /* NSGestureRecognizer+TFY_Tools.m */; };
		36AE686829978D650013EF3B /* TFYBaseControlChainModel.m in Sources */ = {isa = PBXBuildFile; fileRef = 36AE686729978D650013EF3B /* TFYBaseControlChainModel.m */; };
		36AE686C299797DA0013EF3B /* TFYBaseScrollViewChainModel.m in Sources */ = {isa = PBXBuildFile; fileRef = 36AE686B299797DA0013EF3B /* TFYBaseScrollViewChainModel.m */; };
		36AE686F29979C2B0013EF3B /* TFYBaseViewChainModel+Masonry.m in Sources */ = {isa = PBXBuildFile; fileRef = 36AE686E29979C2B0013EF3B /* TFYBaseViewChainModel+Masonry.m */; };
/* End PBXBuildFile section */

/* Begin PBXContainerItemProxy section */
		36AE675929961FB00013EF3B /* PBXContainerItemProxy */ = {
			isa = PBXContainerItemProxy;
			containerPortal = 36AE673B29961FAF0013EF3B /* Project object */;
			proxyType = 1;
			remoteGlobalIDString = 36AE674229961FAF0013EF3B;
			remoteInfo = TFYMacOSAppKit_OC;
		};
		36AE676329961FB00013EF3B /* PBXContainerItemProxy */ = {
			isa = PBXContainerItemProxy;
			containerPortal = 36AE673B29961FAF0013EF3B /* Project object */;
			proxyType = 1;
			remoteGlobalIDString = 36AE674229961FAF0013EF3B;
			remoteInfo = TFYMacOSAppKit_OC;
		};
/* End PBXContainerItemProxy section */

/* Begin PBXFileReference section */
		36AE674329961FAF0013EF3B /* TFYMacOSAppKit_OC.app */ = {isa = PBXFileReference; explicitFileType = wrapper.application; includeInIndex = 0; path = TFYMacOSAppKit_OC.app; sourceTree = BUILT_PRODUCTS_DIR; };
		36AE674629961FAF0013EF3B /* AppDelegate.h */ = {isa = PBXFileReference; lastKnownFileType = sourcecode.c.h; path = AppDelegate.h; sourceTree = "<group>"; };
		36AE674729961FAF0013EF3B /* AppDelegate.m */ = {isa = PBXFileReference; lastKnownFileType = sourcecode.c.objc; path = AppDelegate.m; sourceTree = "<group>"; };
		36AE674929961FAF0013EF3B /* ViewController.h */ = {isa = PBXFileReference; lastKnownFileType = sourcecode.c.h; path = ViewController.h; sourceTree = "<group>"; };
		36AE674A29961FAF0013EF3B /* ViewController.m */ = {isa = PBXFileReference; lastKnownFileType = sourcecode.c.objc; path = ViewController.m; sourceTree = "<group>"; };
		36AE674C29961FB00013EF3B /* Assets.xcassets */ = {isa = PBXFileReference; lastKnownFileType = folder.assetcatalog; path = Assets.xcassets; sourceTree = "<group>"; };
		36AE674F29961FB00013EF3B /* Base */ = {isa = PBXFileReference; lastKnownFileType = file.storyboard; name = Base; path = Base.lproj/Main.storyboard; sourceTree = "<group>"; };
		36AE675129961FB00013EF3B /* main.m */ = {isa = PBXFileReference; lastKnownFileType = sourcecode.c.objc; path = main.m; sourceTree = "<group>"; };
		36AE675329961FB00013EF3B /* TFYMacOSAppKit_OC.entitlements */ = {isa = PBXFileReference; lastKnownFileType = text.plist.entitlements; path = TFYMacOSAppKit_OC.entitlements; sourceTree = "<group>"; };
		36AE675829961FB00013EF3B /* TFYMacOSAppKit_OCTests.xctest */ = {isa = PBXFileReference; explicitFileType = wrapper.cfbundle; includeInIndex = 0; path = TFYMacOSAppKit_OCTests.xctest; sourceTree = BUILT_PRODUCTS_DIR; };
		36AE675C29961FB00013EF3B /* TFYMacOSAppKit_OCTests.m */ = {isa = PBXFileReference; lastKnownFileType = sourcecode.c.objc; path = TFYMacOSAppKit_OCTests.m; sourceTree = "<group>"; };
		36AE676229961FB00013EF3B /* TFYMacOSAppKit_OCUITests.xctest */ = {isa = PBXFileReference; explicitFileType = wrapper.cfbundle; includeInIndex = 0; path = TFYMacOSAppKit_OCUITests.xctest; sourceTree = BUILT_PRODUCTS_DIR; };
		36AE676629961FB00013EF3B /* TFYMacOSAppKit_OCUITests.m */ = {isa = PBXFileReference; lastKnownFileType = sourcecode.c.objc; path = TFYMacOSAppKit_OCUITests.m; sourceTree = "<group>"; };
		36AE676829961FB00013EF3B /* TFYMacOSAppKit_OCUITestsLaunchTests.m */ = {isa = PBXFileReference; lastKnownFileType = sourcecode.c.objc; path = TFYMacOSAppKit_OCUITestsLaunchTests.m; sourceTree = "<group>"; };
		36AE677729961FFE0013EF3B /* NSDictionary+AppKit+Dejal.h */ = {isa = PBXFileReference; fileEncoding = 4; lastKnownFileType = sourcecode.c.h; path = "NSDictionary+AppKit+Dejal.h"; sourceTree = "<group>"; };
		36AE677829961FFE0013EF3B /* NSDictionary+Dejal.m */ = {isa = PBXFileReference; fileEncoding = 4; lastKnownFileType = sourcecode.c.objc; path = "NSDictionary+Dejal.m"; sourceTree = "<group>"; };
		36AE677929961FFE0013EF3B /* NSData+Dejal.h */ = {isa = PBXFileReference; fileEncoding = 4; lastKnownFileType = sourcecode.c.h; path = "NSData+Dejal.h"; sourceTree = "<group>"; };
		36AE677A29961FFE0013EF3B /* NSObject+AppKit+Dejal.m */ = {isa = PBXFileReference; fileEncoding = 4; lastKnownFileType = sourcecode.c.objc; path = "NSObject+AppKit+Dejal.m"; sourceTree = "<group>"; };
		36AE677B29961FFE0013EF3B /* NSMutableAttributedString+Parse.m */ = {isa = PBXFileReference; fileEncoding = 4; lastKnownFileType = sourcecode.c.objc; path = "NSMutableAttributedString+Parse.m"; sourceTree = "<group>"; };
		36AE677C29961FFE0013EF3B /* NSAttributedString+AppKit+Dejal.h */ = {isa = PBXFileReference; fileEncoding = 4; lastKnownFileType = sourcecode.c.h; path = "NSAttributedString+AppKit+Dejal.h"; sourceTree = "<group>"; };
		36AE677D29961FFE0013EF3B /* NSString+Dejal.m */ = {isa = PBXFileReference; fileEncoding = 4; lastKnownFileType = sourcecode.c.objc; path = "NSString+Dejal.m"; sourceTree = "<group>"; };
		36AE677E29961FFE0013EF3B /* NSObject+Dejal.h */ = {isa = PBXFileReference; fileEncoding = 4; lastKnownFileType = sourcecode.c.h; path = "NSObject+Dejal.h"; sourceTree = "<group>"; };
		36AE677F29961FFE0013EF3B /* NSMutableAttributedString+CTFrameRef.m */ = {isa = PBXFileReference; fileEncoding = 4; lastKnownFileType = sourcecode.c.objc; path = "NSMutableAttributedString+CTFrameRef.m"; sourceTree = "<group>"; };
		36AE678029961FFE0013EF3B /* NSString+AppKit+Dejal.m */ = {isa = PBXFileReference; fileEncoding = 4; lastKnownFileType = sourcecode.c.objc; path = "NSString+AppKit+Dejal.m"; sourceTree = "<group>"; };
		36AE678129961FFE0013EF3B /* NSDate+Dejal.m */ = {isa = PBXFileReference; fileEncoding = 4; lastKnownFileType = sourcecode.c.objc; path = "NSDate+Dejal.m"; sourceTree = "<group>"; };
		36AE678229961FFE0013EF3B /* NSAttributedString+Dejal.m */ = {isa = PBXFileReference; fileEncoding = 4; lastKnownFileType = sourcecode.c.objc; path = "NSAttributedString+Dejal.m"; sourceTree = "<group>"; };
		36AE678329961FFE0013EF3B /* NSFileManager+Dejal.h */ = {isa = PBXFileReference; fileEncoding = 4; lastKnownFileType = sourcecode.c.h; path = "NSFileManager+Dejal.h"; sourceTree = "<group>"; };
		36AE678429961FFE0013EF3B /* NSFileManager+AppKit+Dejal.m */ = {isa = PBXFileReference; fileEncoding = 4; lastKnownFileType = sourcecode.c.objc; path = "NSFileManager+AppKit+Dejal.m"; sourceTree = "<group>"; };
		36AE678529961FFE0013EF3B /* NSMutableAttributedString+Config.h */ = {isa = PBXFileReference; fileEncoding = 4; lastKnownFileType = sourcecode.c.h; path = "NSMutableAttributedString+Config.h"; sourceTree = "<group>"; };
		36AE678629961FFE0013EF3B /* NSUserDefaults+Dejal.m */ = {isa = PBXFileReference; fileEncoding = 4; lastKnownFileType = sourcecode.c.objc; path = "NSUserDefaults+Dejal.m"; sourceTree = "<group>"; };
		36AE678729961FFE0013EF3B /* TFYAttributedImageInfo.m */ = {isa = PBXFileReference; fileEncoding = 4; lastKnownFileType = sourcecode.c.objc; path = TFYAttributedImageInfo.m; sourceTree = "<group>"; };
		36AE678829961FFE0013EF3B /* NSArray+Dejal.h */ = {isa = PBXFileReference; fileEncoding = 4; lastKnownFileType = sourcecode.c.h; path = "NSArray+Dejal.h"; sourceTree = "<group>"; };
		36AE678929961FFE0013EF3B /* NSUserDefaults+AppKit+Dejal.m */ = {isa = PBXFileReference; fileEncoding = 4; lastKnownFileType = sourcecode.c.objc; path = "NSUserDefaults+AppKit+Dejal.m"; sourceTree = "<group>"; };
		36AE678A29961FFE0013EF3B /* NSObject+AppKit+Dejal.h */ = {isa = PBXFileReference; fileEncoding = 4; lastKnownFileType = sourcecode.c.h; path = "NSObject+AppKit+Dejal.h"; sourceTree = "<group>"; };
		36AE678B29961FFE0013EF3B /* NSData+Dejal.m */ = {isa = PBXFileReference; fileEncoding = 4; lastKnownFileType = sourcecode.c.objc; path = "NSData+Dejal.m"; sourceTree = "<group>"; };
		36AE678C29961FFE0013EF3B /* NSDictionary+Dejal.h */ = {isa = PBXFileReference; fileEncoding = 4; lastKnownFileType = sourcecode.c.h; path = "NSDictionary+Dejal.h"; sourceTree = "<group>"; };
		36AE678D29961FFE0013EF3B /* NSDictionary+AppKit+Dejal.m */ = {isa = PBXFileReference; fileEncoding = 4; lastKnownFileType = sourcecode.c.objc; path = "NSDictionary+AppKit+Dejal.m"; sourceTree = "<group>"; };
		36AE678E29961FFE0013EF3B /* macOSfoundation.h */ = {isa = PBXFileReference; fileEncoding = 4; lastKnownFileType = sourcecode.c.h; path = macOSfoundation.h; sourceTree = "<group>"; };
		36AE678F29961FFE0013EF3B /* NSString+AppKit+Dejal.h */ = {isa = PBXFileReference; fileEncoding = 4; lastKnownFileType = sourcecode.c.h; path = "NSString+AppKit+Dejal.h"; sourceTree = "<group>"; };
		36AE679029961FFE0013EF3B /* NSMutableAttributedString+CTFrameRef.h */ = {isa = PBXFileReference; fileEncoding = 4; lastKnownFileType = sourcecode.c.h; path = "NSMutableAttributedString+CTFrameRef.h"; sourceTree = "<group>"; };
		36AE679129961FFE0013EF3B /* NSString+Dejal.h */ = {isa = PBXFileReference; fileEncoding = 4; lastKnownFileType = sourcecode.c.h; path = "NSString+Dejal.h"; sourceTree = "<group>"; };
		36AE679229961FFE0013EF3B /* NSObject+Dejal.m */ = {isa = PBXFileReference; fileEncoding = 4; lastKnownFileType = sourcecode.c.objc; path = "NSObject+Dejal.m"; sourceTree = "<group>"; };
		36AE679329961FFE0013EF3B /* NSAttributedString+AppKit+Dejal.m */ = {isa = PBXFileReference; fileEncoding = 4; lastKnownFileType = sourcecode.c.objc; path = "NSAttributedString+AppKit+Dejal.m"; sourceTree = "<group>"; };
		36AE679429961FFE0013EF3B /* NSMutableAttributedString+Parse.h */ = {isa = PBXFileReference; fileEncoding = 4; lastKnownFileType = sourcecode.c.h; path = "NSMutableAttributedString+Parse.h"; sourceTree = "<group>"; };
		36AE679529961FFE0013EF3B /* NSMutableAttributedString+Config.m */ = {isa = PBXFileReference; fileEncoding = 4; lastKnownFileType = sourcecode.c.objc; path = "NSMutableAttributedString+Config.m"; sourceTree = "<group>"; };
		36AE679629961FFE0013EF3B /* NSFileManager+AppKit+Dejal.h */ = {isa = PBXFileReference; fileEncoding = 4; lastKnownFileType = sourcecode.c.h; path = "NSFileManager+AppKit+Dejal.h"; sourceTree = "<group>"; };
		36AE679729961FFE0013EF3B /* NSFileManager+Dejal.m */ = {isa = PBXFileReference; fileEncoding = 4; lastKnownFileType = sourcecode.c.objc; path = "NSFileManager+Dejal.m"; sourceTree = "<group>"; };
		36AE679829961FFE0013EF3B /* NSAttributedString+Dejal.h */ = {isa = PBXFileReference; fileEncoding = 4; lastKnownFileType = sourcecode.c.h; path = "NSAttributedString+Dejal.h"; sourceTree = "<group>"; };
		36AE679929961FFE0013EF3B /* NSDate+Dejal.h */ = {isa = PBXFileReference; fileEncoding = 4; lastKnownFileType = sourcecode.c.h; path = "NSDate+Dejal.h"; sourceTree = "<group>"; };
		36AE679A29961FFE0013EF3B /* NSArray+Dejal.m */ = {isa = PBXFileReference; fileEncoding = 4; lastKnownFileType = sourcecode.c.objc; path = "NSArray+Dejal.m"; sourceTree = "<group>"; };
		36AE679B29961FFE0013EF3B /* NSUserDefaults+AppKit+Dejal.h */ = {isa = PBXFileReference; fileEncoding = 4; lastKnownFileType = sourcecode.c.h; path = "NSUserDefaults+AppKit+Dejal.h"; sourceTree = "<group>"; };
		36AE679C29961FFE0013EF3B /* TFYAttributedImageInfo.h */ = {isa = PBXFileReference; fileEncoding = 4; lastKnownFileType = sourcecode.c.h; path = TFYAttributedImageInfo.h; sourceTree = "<group>"; };
		36AE679D29961FFE0013EF3B /* NSUserDefaults+Dejal.h */ = {isa = PBXFileReference; fileEncoding = 4; lastKnownFileType = sourcecode.c.h; path = "NSUserDefaults+Dejal.h"; sourceTree = "<group>"; };
		36AE679F29961FFE0013EF3B /* NSButton+Dejal.m */ = {isa = PBXFileReference; fileEncoding = 4; lastKnownFileType = sourcecode.c.objc; path = "NSButton+Dejal.m"; sourceTree = "<group>"; };
		36AE67A029961FFE0013EF3B /* macOScategory.h */ = {isa = PBXFileReference; fileEncoding = 4; lastKnownFileType = sourcecode.c.h; path = macOScategory.h; sourceTree = "<group>"; };
		36AE67A129961FFE0013EF3B /* NSSplitView+Dejal.m */ = {isa = PBXFileReference; fileEncoding = 4; lastKnownFileType = sourcecode.c.objc; path = "NSSplitView+Dejal.m"; sourceTree = "<group>"; };
		36AE67A229961FFE0013EF3B /* NSWindow+Dejal.h */ = {isa = PBXFileReference; fileEncoding = 4; lastKnownFileType = sourcecode.c.h; path = "NSWindow+Dejal.h"; sourceTree = "<group>"; };
		36AE67A329961FFE0013EF3B /* NSTextField+Dejal.h */ = {isa = PBXFileReference; fileEncoding = 4; lastKnownFileType = sourcecode.c.h; path = "NSTextField+Dejal.h"; sourceTree = "<group>"; };
		36AE67A429961FFE0013EF3B /* NSImage+Dejal.h */ = {isa = PBXFileReference; fileEncoding = 4; lastKnownFileType = sourcecode.c.h; path = "NSImage+Dejal.h"; sourceTree = "<group>"; };
		36AE67A529961FFE0013EF3B /* NSTextView+Dejal.m */ = {isa = PBXFileReference; fileEncoding = 4; lastKnownFileType = sourcecode.c.objc; path = "NSTextView+Dejal.m"; sourceTree = "<group>"; };
		36AE67A629961FFE0013EF3B /* NSScreen+Dejal.h */ = {isa = PBXFileReference; fileEncoding = 4; lastKnownFileType = sourcecode.c.h; path = "NSScreen+Dejal.h"; sourceTree = "<group>"; };
		36AE67A729961FFF0013EF3B /* NSColor+Dejal.m */ = {isa = PBXFileReference; fileEncoding = 4; lastKnownFileType = sourcecode.c.objc; path = "NSColor+Dejal.m"; sourceTree = "<group>"; };
		36AE67A829961FFF0013EF3B /* NSPopUpButton+Dejal.m */ = {isa = PBXFileReference; fileEncoding = 4; lastKnownFileType = sourcecode.c.objc; path = "NSPopUpButton+Dejal.m"; sourceTree = "<group>"; };
		36AE67A929961FFF0013EF3B /* NSTableView+Dejal.h */ = {isa = PBXFileReference; fileEncoding = 4; lastKnownFileType = sourcecode.c.h; path = "NSTableView+Dejal.h"; sourceTree = "<group>"; };
		36AE67AA29961FFF0013EF3B /* NSToolbar+Dejal.m */ = {isa = PBXFileReference; fileEncoding = 4; lastKnownFileType = sourcecode.c.objc; path = "NSToolbar+Dejal.m"; sourceTree = "<group>"; };
		36AE67AB29961FFF0013EF3B /* NSProgressIndicator+Dejal.m */ = {isa = PBXFileReference; fileEncoding = 4; lastKnownFileType = sourcecode.c.objc; path = "NSProgressIndicator+Dejal.m"; sourceTree = "<group>"; };
		36AE67AC29961FFF0013EF3B /* NSViewController+Hook.m */ = {isa = PBXFileReference; fileEncoding = 4; lastKnownFileType = sourcecode.c.objc; path = "NSViewController+Hook.m"; sourceTree = "<group>"; };
		36AE67AD29961FFF0013EF3B /* NSView+Dejal.m */ = {isa = PBXFileReference; fileEncoding = 4; lastKnownFileType = sourcecode.c.objc; path = "NSView+Dejal.m"; sourceTree = "<group>"; };
		36AE67AE29961FFF0013EF3B /* NSPopover+Hook.m */ = {isa = PBXFileReference; fileEncoding = 4; lastKnownFileType = sourcecode.c.objc; path = "NSPopover+Hook.m"; sourceTree = "<group>"; };
		36AE67AF29961FFF0013EF3B /* NSMenu+Dejal.m */ = {isa = PBXFileReference; fileEncoding = 4; lastKnownFileType = sourcecode.c.objc; path = "NSMenu+Dejal.m"; sourceTree = "<group>"; };
		36AE67B029961FFF0013EF3B /* NSViewController+Dejal.m */ = {isa = PBXFileReference; fileEncoding = 4; lastKnownFileType = sourcecode.c.objc; path = "NSViewController+Dejal.m"; sourceTree = "<group>"; };
		36AE67B129961FFF0013EF3B /* NSOutlineView+Dejal.h */ = {isa = PBXFileReference; fileEncoding = 4; lastKnownFileType = sourcecode.c.h; path = "NSOutlineView+Dejal.h"; sourceTree = "<group>"; };
		36AE67B229961FFF0013EF3B /* NSTextField+Dejal.m */ = {isa = PBXFileReference; fileEncoding = 4; lastKnownFileType = sourcecode.c.objc; path = "NSTextField+Dejal.m"; sourceTree = "<group>"; };
		36AE67B329961FFF0013EF3B /* NSWindow+Dejal.m */ = {isa = PBXFileReference; fileEncoding = 4; lastKnownFileType = sourcecode.c.objc; path = "NSWindow+Dejal.m"; sourceTree = "<group>"; };
		36AE67B429961FFF0013EF3B /* NSSplitView+Dejal.h */ = {isa = PBXFileReference; fileEncoding = 4; lastKnownFileType = sourcecode.c.h; path = "NSSplitView+Dejal.h"; sourceTree = "<group>"; };
		36AE67B529961FFF0013EF3B /* NSButton+Dejal.h */ = {isa = PBXFileReference; fileEncoding = 4; lastKnownFileType = sourcecode.c.h; path = "NSButton+Dejal.h"; sourceTree = "<group>"; };
		36AE67B629961FFF0013EF3B /* NSImage+Dejal.m */ = {isa = PBXFileReference; fileEncoding = 4; lastKnownFileType = sourcecode.c.objc; path = "NSImage+Dejal.m"; sourceTree = "<group>"; };
		36AE67B729961FFF0013EF3B /* NSTableView+Dejal.m */ = {isa = PBXFileReference; fileEncoding = 4; lastKnownFileType = sourcecode.c.objc; path = "NSTableView+Dejal.m"; sourceTree = "<group>"; };
		36AE67B829961FFF0013EF3B /* NSPopUpButton+Dejal.h */ = {isa = PBXFileReference; fileEncoding = 4; lastKnownFileType = sourcecode.c.h; path = "NSPopUpButton+Dejal.h"; sourceTree = "<group>"; };
		36AE67B929961FFF0013EF3B /* NSColor+Dejal.h */ = {isa = PBXFileReference; fileEncoding = 4; lastKnownFileType = sourcecode.c.h; path = "NSColor+Dejal.h"; sourceTree = "<group>"; };
		36AE67BA29961FFF0013EF3B /* NSScreen+Dejal.m */ = {isa = PBXFileReference; fileEncoding = 4; lastKnownFileType = sourcecode.c.objc; path = "NSScreen+Dejal.m"; sourceTree = "<group>"; };
		36AE67BB29961FFF0013EF3B /* NSTextView+Dejal.h */ = {isa = PBXFileReference; fileEncoding = 4; lastKnownFileType = sourcecode.c.h; path = "NSTextView+Dejal.h"; sourceTree = "<group>"; };
		36AE67BC29961FFF0013EF3B /* NSOutlineView+Dejal.m */ = {isa = PBXFileReference; fileEncoding = 4; lastKnownFileType = sourcecode.c.objc; path = "NSOutlineView+Dejal.m"; sourceTree = "<group>"; };
		36AE67BD29961FFF0013EF3B /* NSViewController+Dejal.h */ = {isa = PBXFileReference; fileEncoding = 4; lastKnownFileType = sourcecode.c.h; path = "NSViewController+Dejal.h"; sourceTree = "<group>"; };
		36AE67BE29961FFF0013EF3B /* NSMenu+Dejal.h */ = {isa = PBXFileReference; fileEncoding = 4; lastKnownFileType = sourcecode.c.h; path = "NSMenu+Dejal.h"; sourceTree = "<group>"; };
		36AE67BF29961FFF0013EF3B /* NSPopover+Hook.h */ = {isa = PBXFileReference; fileEncoding = 4; lastKnownFileType = sourcecode.c.h; path = "NSPopover+Hook.h"; sourceTree = "<group>"; };
		36AE67C029961FFF0013EF3B /* NSViewController+Hook.h */ = {isa = PBXFileReference; fileEncoding = 4; lastKnownFileType = sourcecode.c.h; path = "NSViewController+Hook.h"; sourceTree = "<group>"; };
		36AE67C129961FFF0013EF3B /* NSView+Dejal.h */ = {isa = PBXFileReference; fileEncoding = 4; lastKnownFileType = sourcecode.c.h; path = "NSView+Dejal.h"; sourceTree = "<group>"; };
		36AE67C229961FFF0013EF3B /* NSProgressIndicator+Dejal.h */ = {isa = PBXFileReference; fileEncoding = 4; lastKnownFileType = sourcecode.c.h; path = "NSProgressIndicator+Dejal.h"; sourceTree = "<group>"; };
		36AE67C329961FFF0013EF3B /* NSToolbar+Dejal.h */ = {isa = PBXFileReference; fileEncoding = 4; lastKnownFileType = sourcecode.c.h; path = "NSToolbar+Dejal.h"; sourceTree = "<group>"; };
		36AE67C529961FFF0013EF3B /* TFYLabel.h */ = {isa = PBXFileReference; fileEncoding = 4; lastKnownFileType = sourcecode.c.h; path = TFYLabel.h; sourceTree = "<group>"; };
		36AE67C629961FFF0013EF3B /* TFYButton.m */ = {isa = PBXFileReference; fileEncoding = 4; lastKnownFileType = sourcecode.c.objc; path = TFYButton.m; sourceTree = "<group>"; };
		36AE67C729961FFF0013EF3B /* TFYAttributedLabel.h */ = {isa = PBXFileReference; fileEncoding = 4; lastKnownFileType = sourcecode.c.h; path = TFYAttributedLabel.h; sourceTree = "<group>"; };
		36AE67C829961FFF0013EF3B /* macOScontainer.h */ = {isa = PBXFileReference; fileEncoding = 4; lastKnownFileType = sourcecode.c.h; path = macOScontainer.h; sourceTree = "<group>"; };
		36AE67C929961FFF0013EF3B /* TFYButton.h */ = {isa = PBXFileReference; fileEncoding = 4; lastKnownFileType = sourcecode.c.h; path = TFYButton.h; sourceTree = "<group>"; };
		36AE67CA29961FFF0013EF3B /* TFYLabel.m */ = {isa = PBXFileReference; fileEncoding = 4; lastKnownFileType = sourcecode.c.objc; path = TFYLabel.m; sourceTree = "<group>"; };
		36AE67CB29961FFF0013EF3B /* TFYAttributedLabel.m */ = {isa = PBXFileReference; fileEncoding = 4; lastKnownFileType = sourcecode.c.objc; path = TFYAttributedLabel.m; sourceTree = "<group>"; };
		36AE67F42996200B0013EF3B /* TFYMacOSAppKit.h */ = {isa = PBXFileReference; lastKnownFileType = sourcecode.c.h; path = TFYMacOSAppKit.h; sourceTree = "<group>"; };
		36AE67F8299726C90013EF3B /* TFYTextField.h */ = {isa = PBXFileReference; fileEncoding = 4; lastKnownFileType = sourcecode.c.h; path = TFYTextField.h; sourceTree = "<group>"; };
		36AE67F9299726C90013EF3B /* TFYTextField.m */ = {isa = PBXFileReference; fileEncoding = 4; lastKnownFileType = sourcecode.c.objc; path = TFYTextField.m; sourceTree = "<group>"; };
		36AE67FB299737610013EF3B /* NSArray+TFY_Tools.m */ = {isa = PBXFileReference; fileEncoding = 4; lastKnownFileType = sourcecode.c.objc; path = "NSArray+TFY_Tools.m"; sourceTree = "<group>"; };
		36AE67FD299737610013EF3B /* NSNumber+TFY_Tools.h */ = {isa = PBXFileReference; fileEncoding = 4; lastKnownFileType = sourcecode.c.h; path = "NSNumber+TFY_Tools.h"; sourceTree = "<group>"; };
		36AE67FE299737610013EF3B /* NSArray+TFY_Tools.h */ = {isa = PBXFileReference; fileEncoding = 4; lastKnownFileType = sourcecode.c.h; path = "NSArray+TFY_Tools.h"; sourceTree = "<group>"; };
		36AE67FF299737610013EF3B /* NSMutableParagraphStyle+TFY_Chain.m */ = {isa = PBXFileReference; fileEncoding = 4; lastKnownFileType = sourcecode.c.objc; path = "NSMutableParagraphStyle+TFY_Chain.m"; sourceTree = "<group>"; };
		36AE6800299737610013EF3B /* NSAttributedString+TFY_Tools.h */ = {isa = PBXFileReference; fileEncoding = 4; lastKnownFileType = sourcecode.c.h; path = "NSAttributedString+TFY_Tools.h"; sourceTree = "<group>"; };
		36AE6801299737610013EF3B /* NSNumber+TFY_Tools.m */ = {isa = PBXFileReference; fileEncoding = 4; lastKnownFileType = sourcecode.c.objc; path = "NSNumber+TFY_Tools.m"; sourceTree = "<group>"; };
		36AE6802299737610013EF3B /* NSString+Extend.h */ = {isa = PBXFileReference; fileEncoding = 4; lastKnownFileType = sourcecode.c.h; path = "NSString+Extend.h"; sourceTree = "<group>"; };
		36AE6804299737620013EF3B /* NSData+TFY_Data.m */ = {isa = PBXFileReference; fileEncoding = 4; lastKnownFileType = sourcecode.c.objc; path = "NSData+TFY_Data.m"; sourceTree = "<group>"; };
		36AE6805299737620013EF3B /* NSDictionary+TFY_Tools.h */ = {isa = PBXFileReference; fileEncoding = 4; lastKnownFileType = sourcecode.c.h; path = "NSDictionary+TFY_Tools.h"; sourceTree = "<group>"; };
		36AE6806299737620013EF3B /* NSData+TFY_Data.h */ = {isa = PBXFileReference; fileEncoding = 4; lastKnownFileType = sourcecode.c.h; path = "NSData+TFY_Data.h"; sourceTree = "<group>"; };
		36AE6807299737620013EF3B /* NSAttributedString+TFY_Tools.m */ = {isa = PBXFileReference; fileEncoding = 4; lastKnownFileType = sourcecode.c.objc; path = "NSAttributedString+TFY_Tools.m"; sourceTree = "<group>"; };
		36AE6808299737620013EF3B /* NSMutableAttributedString+TFY_Tools.h */ = {isa = PBXFileReference; fileEncoding = 4; lastKnownFileType = sourcecode.c.h; path = "NSMutableAttributedString+TFY_Tools.h"; sourceTree = "<group>"; };
		36AE6809299737620013EF3B /* NSMutableParagraphStyle+TFY_Chain.h */ = {isa = PBXFileReference; fileEncoding = 4; lastKnownFileType = sourcecode.c.h; path = "NSMutableParagraphStyle+TFY_Chain.h"; sourceTree = "<group>"; };
		36AE680A299737620013EF3B /* NSString+Extend.m */ = {isa = PBXFileReference; fileEncoding = 4; lastKnownFileType = sourcecode.c.objc; path = "NSString+Extend.m"; sourceTree = "<group>"; };
		36AE680B299737620013EF3B /* NSDictionary+TFY_Tools.m */ = {isa = PBXFileReference; fileEncoding = 4; lastKnownFileType = sourcecode.c.objc; path = "NSDictionary+TFY_Tools.m"; sourceTree = "<group>"; };
		36AE680C299737620013EF3B /* NSMutableAttributedString+TFY_Tools.m */ = {isa = PBXFileReference; fileEncoding = 4; lastKnownFileType = sourcecode.c.objc; path = "NSMutableAttributedString+TFY_Tools.m"; sourceTree = "<group>"; };
		36AE6816299737A70013EF3B /* NSString+TFY_String.m */ = {isa = PBXFileReference; fileEncoding = 4; lastKnownFileType = sourcecode.c.objc; path = "NSString+TFY_String.m"; sourceTree = "<group>"; };
		36AE6817299737A80013EF3B /* NSString+TFY_String.h */ = {isa = PBXFileReference; fileEncoding = 4; lastKnownFileType = sourcecode.c.h; path = "NSString+TFY_String.h"; sourceTree = "<group>"; };
		36AE6819299737FA0013EF3B /* NSFileManager+TFY_Tools.h */ = {isa = PBXFileReference; fileEncoding = 4; lastKnownFileType = sourcecode.c.h; path = "NSFileManager+TFY_Tools.h"; sourceTree = "<group>"; };
		36AE681A299737FA0013EF3B /* NSFileManager+TFY_Tools.m */ = {isa = PBXFileReference; fileEncoding = 4; lastKnownFileType = sourcecode.c.objc; path = "NSFileManager+TFY_Tools.m"; sourceTree = "<group>"; };
		36AE681D29973F650013EF3B /* macOSchain.h */ = {isa = PBXFileReference; lastKnownFileType = sourcecode.c.h; path = macOSchain.h; sourceTree = "<group>"; };
		36AE6822299740340013EF3B /* TFYChainDefine.h */ = {isa = PBXFileReference; lastKnownFileType = sourcecode.c.h; path = TFYChainDefine.h; sourceTree = "<group>"; };
		36AE6823299741580013EF3B /* TFYChainBaseModel.h */ = {isa = PBXFileReference; lastKnownFileType = sourcecode.c.h; path = TFYChainBaseModel.h; sourceTree = "<group>"; };
		36AE6824299741580013EF3B /* TFYChainBaseModel.m */ = {isa = PBXFileReference; lastKnownFileType = sourcecode.c.objc; path = TFYChainBaseModel.m; sourceTree = "<group>"; };
		36AE6826299741B90013EF3B /* TFYChainBaseModel+TFY_Tools.h */ = {isa = PBXFileReference; lastKnownFileType = sourcecode.c.h; path = "TFYChainBaseModel+TFY_Tools.h"; sourceTree = "<group>"; };
		36AE6827299743B50013EF3B /* TFYCALayer.h */ = {isa = PBXFileReference; lastKnownFileType = sourcecode.c.h; path = TFYCALayer.h; sourceTree = "<group>"; };
		36AE6828299743ED0013EF3B /* TFYBaseLayerChainModel.h */ = {isa = PBXFileReference; lastKnownFileType = sourcecode.c.h; path = TFYBaseLayerChainModel.h; sourceTree = "<group>"; };
		36AE6829299743ED0013EF3B /* TFYBaseLayerChainModel.m */ = {isa = PBXFileReference; lastKnownFileType = sourcecode.c.objc; path = TFYBaseLayerChainModel.m; sourceTree = "<group>"; };
		36AE682B299748480013EF3B /* TFYEmiiterLayerChainModel.h */ = {isa = PBXFileReference; lastKnownFileType = sourcecode.c.h; path = TFYEmiiterLayerChainModel.h; sourceTree = "<group>"; };
		36AE682C299748480013EF3B /* TFYEmiiterLayerChainModel.m */ = {isa = PBXFileReference; lastKnownFileType = sourcecode.c.objc; path = TFYEmiiterLayerChainModel.m; sourceTree = "<group>"; };
		36AE682E29974DB30013EF3B /* TFYGradientLayerChainModel.h */ = {isa = PBXFileReference; lastKnownFileType = sourcecode.c.h; path = TFYGradientLayerChainModel.h; sourceTree = "<group>"; };
		36AE682F29974DB30013EF3B /* TFYGradientLayerChainModel.m */ = {isa = PBXFileReference; lastKnownFileType = sourcecode.c.objc; path = TFYGradientLayerChainModel.m; sourceTree = "<group>"; };
		36AE683129974E740013EF3B /* TFYLayerChainModel.h */ = {isa = PBXFileReference; lastKnownFileType = sourcecode.c.h; path = TFYLayerChainModel.h; sourceTree = "<group>"; };
		36AE683229974E740013EF3B /* TFYLayerChainModel.m */ = {isa = PBXFileReference; lastKnownFileType = sourcecode.c.objc; path = TFYLayerChainModel.m; sourceTree = "<group>"; };
		36AE683429974EC90013EF3B /* TFYReplicatorLayerChainModel.h */ = {isa = PBXFileReference; lastKnownFileType = sourcecode.c.h; path = TFYReplicatorLayerChainModel.h; sourceTree = "<group>"; };
		36AE683529974EC90013EF3B /* TFYReplicatorLayerChainModel.m */ = {isa = PBXFileReference; lastKnownFileType = sourcecode.c.objc; path = TFYReplicatorLayerChainModel.m; sourceTree = "<group>"; };
		36AE683729974F330013EF3B /* TFYScrollLayerChainModel.h */ = {isa = PBXFileReference; lastKnownFileType = sourcecode.c.h; path = TFYScrollLayerChainModel.h; sourceTree = "<group>"; };
		36AE683829974F330013EF3B /* TFYScrollLayerChainModel.m */ = {isa = PBXFileReference; lastKnownFileType = sourcecode.c.objc; path = TFYScrollLayerChainModel.m; sourceTree = "<group>"; };
		36AE683A29974FA20013EF3B /* TFYShaperLayerChainModel.h */ = {isa = PBXFileReference; lastKnownFileType = sourcecode.c.h; path = TFYShaperLayerChainModel.h; sourceTree = "<group>"; };
		36AE683B29974FA20013EF3B /* TFYShaperLayerChainModel.m */ = {isa = PBXFileReference; lastKnownFileType = sourcecode.c.objc; path = TFYShaperLayerChainModel.m; sourceTree = "<group>"; };
		36AE683D299750090013EF3B /* TFYTextLayerChainModel.h */ = {isa = PBXFileReference; lastKnownFileType = sourcecode.c.h; path = TFYTextLayerChainModel.h; sourceTree = "<group>"; };
		36AE683E299750090013EF3B /* TFYTextLayerChainModel.m */ = {isa = PBXFileReference; lastKnownFileType = sourcecode.c.objc; path = TFYTextLayerChainModel.m; sourceTree = "<group>"; };
		36AE6840299750690013EF3B /* TFYTiledLayerChainModel.h */ = {isa = PBXFileReference; lastKnownFileType = sourcecode.c.h; path = TFYTiledLayerChainModel.h; sourceTree = "<group>"; };
		36AE6841299750690013EF3B /* TFYTiledLayerChainModel.m */ = {isa = PBXFileReference; lastKnownFileType = sourcecode.c.objc; path = TFYTiledLayerChainModel.m; sourceTree = "<group>"; };
		36AE6843299750BF0013EF3B /* TFYTransFormLayerChainModel.h */ = {isa = PBXFileReference; lastKnownFileType = sourcecode.c.h; path = TFYTransFormLayerChainModel.h; sourceTree = "<group>"; };
		36AE6844299750BF0013EF3B /* TFYTransFormLayerChainModel.m */ = {isa = PBXFileReference; lastKnownFileType = sourcecode.c.objc; path = TFYTransFormLayerChainModel.m; sourceTree = "<group>"; };
		36AE6846299751220013EF3B /* CALayer+TFY_Chain.h */ = {isa = PBXFileReference; lastKnownFileType = sourcecode.c.h; path = "CALayer+TFY_Chain.h"; sourceTree = "<group>"; };
		36AE6847299751220013EF3B /* CALayer+TFY_Chain.m */ = {isa = PBXFileReference; lastKnownFileType = sourcecode.c.objc; path = "CALayer+TFY_Chain.m"; sourceTree = "<group>"; };
		36AE6849299751DC0013EF3B /* TFYBaseGestureChainModel.h */ = {isa = PBXFileReference; lastKnownFileType = sourcecode.c.h; path = TFYBaseGestureChainModel.h; sourceTree = "<group>"; };
		36AE684A299751DC0013EF3B /* TFYBaseGestureChainModel.m */ = {isa = PBXFileReference; lastKnownFileType = sourcecode.c.objc; path = TFYBaseGestureChainModel.m; sourceTree = "<group>"; };
		36AE684C29975D3F0013EF3B /* TFYNSGesture.h */ = {isa = PBXFileReference; lastKnownFileType = sourcecode.c.h; path = TFYNSGesture.h; sourceTree = "<group>"; };
		36AE684D29975D7B0013EF3B /* TFYLongPressGestureChainModel.h */ = {isa = PBXFileReference; lastKnownFileType = sourcecode.c.h; path = TFYLongPressGestureChainModel.h; sourceTree = "<group>"; };
		36AE684E29975D7B0013EF3B /* TFYLongPressGestureChainModel.m */ = {isa = PBXFileReference; lastKnownFileType = sourcecode.c.objc; path = TFYLongPressGestureChainModel.m; sourceTree = "<group>"; };
		36AE685029975F320013EF3B /* TFYPanGestureChainModel.h */ = {isa = PBXFileReference; lastKnownFileType = sourcecode.c.h; path = TFYPanGestureChainModel.h; sourceTree = "<group>"; };
		36AE685129975F320013EF3B /* TFYPanGestureChainModel.m */ = {isa = PBXFileReference; lastKnownFileType = sourcecode.c.objc; path = TFYPanGestureChainModel.m; sourceTree = "<group>"; };
		36AE6856299761580013EF3B /* TFYRotationGestureChainModel.h */ = {isa = PBXFileReference; lastKnownFileType = sourcecode.c.h; path = TFYRotationGestureChainModel.h; sourceTree = "<group>"; };
		36AE6857299761580013EF3B /* TFYRotationGestureChainModel.m */ = {isa = PBXFileReference; lastKnownFileType = sourcecode.c.objc; path = TFYRotationGestureChainModel.m; sourceTree = "<group>"; };
		36AE6859299762010013EF3B /* TFYSwipeGestureChainModel.h */ = {isa = PBXFileReference; lastKnownFileType = sourcecode.c.h; path = TFYSwipeGestureChainModel.h; sourceTree = "<group>"; };
		36AE685A299762010013EF3B /* TFYSwipeGestureChainModel.m */ = {isa = PBXFileReference; lastKnownFileType = sourcecode.c.objc; path = TFYSwipeGestureChainModel.m; sourceTree = "<group>"; };
		36AE685C2997638C0013EF3B /* TFYNSView.h */ = {isa = PBXFileReference; lastKnownFileType = sourcecode.c.h; path = TFYNSView.h; sourceTree = "<group>"; };
		36AE685D299763E40013EF3B /* NSView+TFY_Tools.h */ = {isa = PBXFileReference; lastKnownFileType = sourcecode.c.h; path = "NSView+TFY_Tools.h"; sourceTree = "<group>"; };
		36AE685E299763E40013EF3B /* NSView+TFY_Tools.m */ = {isa = PBXFileReference; lastKnownFileType = sourcecode.c.objc; path = "NSView+TFY_Tools.m"; sourceTree = "<group>"; };
		36AE6860299767880013EF3B /* TFYBaseViewChainModel.h */ = {isa = PBXFileReference; lastKnownFileType = sourcecode.c.h; path = TFYBaseViewChainModel.h; sourceTree = "<group>"; };
		36AE6861299767880013EF3B /* TFYBaseViewChainModel.m */ = {isa = PBXFileReference; lastKnownFileType = sourcecode.c.objc; path = TFYBaseViewChainModel.m; sourceTree = "<group>"; };
		36AE6863299770850013EF3B /* NSGestureRecognizer+TFY_Tools.h */ = {isa = PBXFileReference; lastKnownFileType = sourcecode.c.h; path = "NSGestureRecognizer+TFY_Tools.h"; sourceTree = "<group>"; };
		36AE6864299770850013EF3B /* NSGestureRecognizer+TFY_Tools.m */ = {isa = PBXFileReference; lastKnownFileType = sourcecode.c.objc; path = "NSGestureRecognizer+TFY_Tools.m"; sourceTree = "<group>"; };
		36AE686629978D650013EF3B /* TFYBaseControlChainModel.h */ = {isa = PBXFileReference; lastKnownFileType = sourcecode.c.h; path = TFYBaseControlChainModel.h; sourceTree = "<group>"; };
		36AE686729978D650013EF3B /* TFYBaseControlChainModel.m */ = {isa = PBXFileReference; lastKnownFileType = sourcecode.c.objc; path = TFYBaseControlChainModel.m; sourceTree = "<group>"; };
		36AE686A299797DA0013EF3B /* TFYBaseScrollViewChainModel.h */ = {isa = PBXFileReference; lastKnownFileType = sourcecode.c.h; path = TFYBaseScrollViewChainModel.h; sourceTree = "<group>"; };
		36AE686B299797DA0013EF3B /* TFYBaseScrollViewChainModel.m */ = {isa = PBXFileReference; lastKnownFileType = sourcecode.c.objc; path = TFYBaseScrollViewChainModel.m; sourceTree = "<group>"; };
		36AE686D29979C2B0013EF3B /* TFYBaseViewChainModel+Masonry.h */ = {isa = PBXFileReference; lastKnownFileType = sourcecode.c.h; path = "TFYBaseViewChainModel+Masonry.h"; sourceTree = "<group>"; };
		36AE686E29979C2B0013EF3B /* TFYBaseViewChainModel+Masonry.m */ = {isa = PBXFileReference; lastKnownFileType = sourcecode.c.objc; path = "TFYBaseViewChainModel+Masonry.m"; sourceTree = "<group>"; };
/* End PBXFileReference section */

/* Begin PBXFrameworksBuildPhase section */
		36AE674029961FAF0013EF3B /* Frameworks */ = {
			isa = PBXFrameworksBuildPhase;
			buildActionMask = 2147483647;
			files = (
			);
			runOnlyForDeploymentPostprocessing = 0;
		};
		36AE675529961FB00013EF3B /* Frameworks */ = {
			isa = PBXFrameworksBuildPhase;
			buildActionMask = 2147483647;
			files = (
			);
			runOnlyForDeploymentPostprocessing = 0;
		};
		36AE675F29961FB00013EF3B /* Frameworks */ = {
			isa = PBXFrameworksBuildPhase;
			buildActionMask = 2147483647;
			files = (
			);
			runOnlyForDeploymentPostprocessing = 0;
		};
/* End PBXFrameworksBuildPhase section */

/* Begin PBXGroup section */
		36AE673A29961FAF0013EF3B = {
			isa = PBXGroup;
			children = (
				36AE674529961FAF0013EF3B /* TFYMacOSAppKit_OC */,
				36AE675B29961FB00013EF3B /* TFYMacOSAppKit_OCTests */,
				36AE676529961FB00013EF3B /* TFYMacOSAppKit_OCUITests */,
				36AE674429961FAF0013EF3B /* Products */,
			);
			sourceTree = "<group>";
		};
		36AE674429961FAF0013EF3B /* Products */ = {
			isa = PBXGroup;
			children = (
				36AE674329961FAF0013EF3B /* TFYMacOSAppKit_OC.app */,
				36AE675829961FB00013EF3B /* TFYMacOSAppKit_OCTests.xctest */,
				36AE676229961FB00013EF3B /* TFYMacOSAppKit_OCUITests.xctest */,
			);
			name = Products;
			sourceTree = "<group>";
		};
		36AE674529961FAF0013EF3B /* TFYMacOSAppKit_OC */ = {
			isa = PBXGroup;
			children = (
				36AE677529961FC50013EF3B /* TFYMacOSAppKit */,
				36AE674629961FAF0013EF3B /* AppDelegate.h */,
				36AE674729961FAF0013EF3B /* AppDelegate.m */,
				36AE674929961FAF0013EF3B /* ViewController.h */,
				36AE674A29961FAF0013EF3B /* ViewController.m */,
				36AE674C29961FB00013EF3B /* Assets.xcassets */,
				36AE674E29961FB00013EF3B /* Main.storyboard */,
				36AE675129961FB00013EF3B /* main.m */,
				36AE675329961FB00013EF3B /* TFYMacOSAppKit_OC.entitlements */,
			);
			path = TFYMacOSAppKit_OC;
			sourceTree = "<group>";
		};
		36AE675B29961FB00013EF3B /* TFYMacOSAppKit_OCTests */ = {
			isa = PBXGroup;
			children = (
				36AE675C29961FB00013EF3B /* TFYMacOSAppKit_OCTests.m */,
			);
			path = TFYMacOSAppKit_OCTests;
			sourceTree = "<group>";
		};
		36AE676529961FB00013EF3B /* TFYMacOSAppKit_OCUITests */ = {
			isa = PBXGroup;
			children = (
				36AE676629961FB00013EF3B /* TFYMacOSAppKit_OCUITests.m */,
				36AE676829961FB00013EF3B /* TFYMacOSAppKit_OCUITestsLaunchTests.m */,
			);
			path = TFYMacOSAppKit_OCUITests;
			sourceTree = "<group>";
		};
		36AE677529961FC50013EF3B /* TFYMacOSAppKit */ = {
			isa = PBXGroup;
			children = (
				36AE67F42996200B0013EF3B /* TFYMacOSAppKit.h */,
				36AE681C29973F590013EF3B /* macOSchain */,
				36AE679E29961FFE0013EF3B /* macOScategory */,
				36AE67C429961FFF0013EF3B /* macOScontainer */,
				36AE677629961FFE0013EF3B /* macOSfoundation */,
			);
			path = TFYMacOSAppKit;
			sourceTree = "<group>";
		};
		36AE677629961FFE0013EF3B /* macOSfoundation */ = {
			isa = PBXGroup;
			children = (
				36AE678E29961FFE0013EF3B /* macOSfoundation.h */,
				36AE6819299737FA0013EF3B /* NSFileManager+TFY_Tools.h */,
				36AE681A299737FA0013EF3B /* NSFileManager+TFY_Tools.m */,
				36AE6817299737A80013EF3B /* NSString+TFY_String.h */,
				36AE6816299737A70013EF3B /* NSString+TFY_String.m */,
				36AE67FE299737610013EF3B /* NSArray+TFY_Tools.h */,
				36AE67FB299737610013EF3B /* NSArray+TFY_Tools.m */,
				36AE6800299737610013EF3B /* NSAttributedString+TFY_Tools.h */,
				36AE6807299737620013EF3B /* NSAttributedString+TFY_Tools.m */,
				36AE6806299737620013EF3B /* NSData+TFY_Data.h */,
				36AE6804299737620013EF3B /* NSData+TFY_Data.m */,
				36AE6805299737620013EF3B /* NSDictionary+TFY_Tools.h */,
				36AE680B299737620013EF3B /* NSDictionary+TFY_Tools.m */,
				36AE6808299737620013EF3B /* NSMutableAttributedString+TFY_Tools.h */,
				36AE680C299737620013EF3B /* NSMutableAttributedString+TFY_Tools.m */,
				36AE6809299737620013EF3B /* NSMutableParagraphStyle+TFY_Chain.h */,
				36AE67FF299737610013EF3B /* NSMutableParagraphStyle+TFY_Chain.m */,
				36AE67FD299737610013EF3B /* NSNumber+TFY_Tools.h */,
				36AE6801299737610013EF3B /* NSNumber+TFY_Tools.m */,
				36AE6802299737610013EF3B /* NSString+Extend.h */,
				36AE680A299737620013EF3B /* NSString+Extend.m */,
				36AE677729961FFE0013EF3B /* NSDictionary+AppKit+Dejal.h */,
				36AE677829961FFE0013EF3B /* NSDictionary+Dejal.m */,
				36AE677929961FFE0013EF3B /* NSData+Dejal.h */,
				36AE677A29961FFE0013EF3B /* NSObject+AppKit+Dejal.m */,
				36AE677B29961FFE0013EF3B /* NSMutableAttributedString+Parse.m */,
				36AE677C29961FFE0013EF3B /* NSAttributedString+AppKit+Dejal.h */,
				36AE677D29961FFE0013EF3B /* NSString+Dejal.m */,
				36AE677E29961FFE0013EF3B /* NSObject+Dejal.h */,
				36AE677F29961FFE0013EF3B /* NSMutableAttributedString+CTFrameRef.m */,
				36AE678029961FFE0013EF3B /* NSString+AppKit+Dejal.m */,
				36AE678129961FFE0013EF3B /* NSDate+Dejal.m */,
				36AE678229961FFE0013EF3B /* NSAttributedString+Dejal.m */,
				36AE678329961FFE0013EF3B /* NSFileManager+Dejal.h */,
				36AE678429961FFE0013EF3B /* NSFileManager+AppKit+Dejal.m */,
				36AE678529961FFE0013EF3B /* NSMutableAttributedString+Config.h */,
				36AE678629961FFE0013EF3B /* NSUserDefaults+Dejal.m */,
				36AE678729961FFE0013EF3B /* TFYAttributedImageInfo.m */,
				36AE678829961FFE0013EF3B /* NSArray+Dejal.h */,
				36AE678929961FFE0013EF3B /* NSUserDefaults+AppKit+Dejal.m */,
				36AE678A29961FFE0013EF3B /* NSObject+AppKit+Dejal.h */,
				36AE678B29961FFE0013EF3B /* NSData+Dejal.m */,
				36AE678C29961FFE0013EF3B /* NSDictionary+Dejal.h */,
				36AE678D29961FFE0013EF3B /* NSDictionary+AppKit+Dejal.m */,
				36AE678F29961FFE0013EF3B /* NSString+AppKit+Dejal.h */,
				36AE679029961FFE0013EF3B /* NSMutableAttributedString+CTFrameRef.h */,
				36AE679129961FFE0013EF3B /* NSString+Dejal.h */,
				36AE679229961FFE0013EF3B /* NSObject+Dejal.m */,
				36AE679329961FFE0013EF3B /* NSAttributedString+AppKit+Dejal.m */,
				36AE679429961FFE0013EF3B /* NSMutableAttributedString+Parse.h */,
				36AE679529961FFE0013EF3B /* NSMutableAttributedString+Config.m */,
				36AE679629961FFE0013EF3B /* NSFileManager+AppKit+Dejal.h */,
				36AE679729961FFE0013EF3B /* NSFileManager+Dejal.m */,
				36AE679829961FFE0013EF3B /* NSAttributedString+Dejal.h */,
				36AE679929961FFE0013EF3B /* NSDate+Dejal.h */,
				36AE679A29961FFE0013EF3B /* NSArray+Dejal.m */,
				36AE679B29961FFE0013EF3B /* NSUserDefaults+AppKit+Dejal.h */,
				36AE679C29961FFE0013EF3B /* TFYAttributedImageInfo.h */,
				36AE679D29961FFE0013EF3B /* NSUserDefaults+Dejal.h */,
			);
			path = macOSfoundation;
			sourceTree = "<group>";
		};
		36AE679E29961FFE0013EF3B /* macOScategory */ = {
			isa = PBXGroup;
			children = (
				36AE679F29961FFE0013EF3B /* NSButton+Dejal.m */,
				36AE67A029961FFE0013EF3B /* macOScategory.h */,
				36AE67A129961FFE0013EF3B /* NSSplitView+Dejal.m */,
				36AE67A229961FFE0013EF3B /* NSWindow+Dejal.h */,
				36AE67A329961FFE0013EF3B /* NSTextField+Dejal.h */,
				36AE67A429961FFE0013EF3B /* NSImage+Dejal.h */,
				36AE67A529961FFE0013EF3B /* NSTextView+Dejal.m */,
				36AE67A629961FFE0013EF3B /* NSScreen+Dejal.h */,
				36AE67A729961FFF0013EF3B /* NSColor+Dejal.m */,
				36AE67A829961FFF0013EF3B /* NSPopUpButton+Dejal.m */,
				36AE67A929961FFF0013EF3B /* NSTableView+Dejal.h */,
				36AE67AA29961FFF0013EF3B /* NSToolbar+Dejal.m */,
				36AE67AB29961FFF0013EF3B /* NSProgressIndicator+Dejal.m */,
				36AE67AC29961FFF0013EF3B /* NSViewController+Hook.m */,
				36AE67AD29961FFF0013EF3B /* NSView+Dejal.m */,
				36AE67AE29961FFF0013EF3B /* NSPopover+Hook.m */,
				36AE67AF29961FFF0013EF3B /* NSMenu+Dejal.m */,
				36AE67B029961FFF0013EF3B /* NSViewController+Dejal.m */,
				36AE67B129961FFF0013EF3B /* NSOutlineView+Dejal.h */,
				36AE67B229961FFF0013EF3B /* NSTextField+Dejal.m */,
				36AE67B329961FFF0013EF3B /* NSWindow+Dejal.m */,
				36AE67B429961FFF0013EF3B /* NSSplitView+Dejal.h */,
				36AE67B529961FFF0013EF3B /* NSButton+Dejal.h */,
				36AE67B629961FFF0013EF3B /* NSImage+Dejal.m */,
				36AE67B729961FFF0013EF3B /* NSTableView+Dejal.m */,
				36AE67B829961FFF0013EF3B /* NSPopUpButton+Dejal.h */,
				36AE67B929961FFF0013EF3B /* NSColor+Dejal.h */,
				36AE67BA29961FFF0013EF3B /* NSScreen+Dejal.m */,
				36AE67BB29961FFF0013EF3B /* NSTextView+Dejal.h */,
				36AE67BC29961FFF0013EF3B /* NSOutlineView+Dejal.m */,
				36AE67BD29961FFF0013EF3B /* NSViewController+Dejal.h */,
				36AE67BE29961FFF0013EF3B /* NSMenu+Dejal.h */,
				36AE67BF29961FFF0013EF3B /* NSPopover+Hook.h */,
				36AE67C029961FFF0013EF3B /* NSViewController+Hook.h */,
				36AE67C129961FFF0013EF3B /* NSView+Dejal.h */,
				36AE67C229961FFF0013EF3B /* NSProgressIndicator+Dejal.h */,
				36AE67C329961FFF0013EF3B /* NSToolbar+Dejal.h */,
				36AE685D299763E40013EF3B /* NSView+TFY_Tools.h */,
				36AE685E299763E40013EF3B /* NSView+TFY_Tools.m */,
				36AE6863299770850013EF3B /* NSGestureRecognizer+TFY_Tools.h */,
				36AE6864299770850013EF3B /* NSGestureRecognizer+TFY_Tools.m */,
			);
			path = macOScategory;
			sourceTree = "<group>";
		};
		36AE67C429961FFF0013EF3B /* macOScontainer */ = {
			isa = PBXGroup;
			children = (
				36AE67C829961FFF0013EF3B /* macOScontainer.h */,
				36AE67F8299726C90013EF3B /* TFYTextField.h */,
				36AE67F9299726C90013EF3B /* TFYTextField.m */,
				36AE67C529961FFF0013EF3B /* TFYLabel.h */,
				36AE67CA29961FFF0013EF3B /* TFYLabel.m */,
				36AE67C929961FFF0013EF3B /* TFYButton.h */,
				36AE67C629961FFF0013EF3B /* TFYButton.m */,
				36AE67C729961FFF0013EF3B /* TFYAttributedLabel.h */,
				36AE67CB29961FFF0013EF3B /* TFYAttributedLabel.m */,
			);
			path = macOScontainer;
			sourceTree = "<group>";
		};
		36AE681C29973F590013EF3B /* macOSchain */ = {
			isa = PBXGroup;
			children = (
				36AE681D29973F650013EF3B /* macOSchain.h */,
				36AE681E29973FCD0013EF3B /* TFYCALayer */,
				36AE682129973FCD0013EF3B /* TFYChainBase */,
				36AE682029973FCD0013EF3B /* TFYNSGesture */,
				36AE681F29973FCD0013EF3B /* TFYNSView */,
			);
			path = macOSchain;
			sourceTree = "<group>";
		};
		36AE681E29973FCD0013EF3B /* TFYCALayer */ = {
			isa = PBXGroup;
			children = (
				36AE6827299743B50013EF3B /* TFYCALayer.h */,
				36AE6828299743ED0013EF3B /* TFYBaseLayerChainModel.h */,
				36AE6829299743ED0013EF3B /* TFYBaseLayerChainModel.m */,
				36AE682B299748480013EF3B /* TFYEmiiterLayerChainModel.h */,
				36AE682C299748480013EF3B /* TFYEmiiterLayerChainModel.m */,
				36AE682E29974DB30013EF3B /* TFYGradientLayerChainModel.h */,
				36AE682F29974DB30013EF3B /* TFYGradientLayerChainModel.m */,
				36AE683129974E740013EF3B /* TFYLayerChainModel.h */,
				36AE683229974E740013EF3B /* TFYLayerChainModel.m */,
				36AE683429974EC90013EF3B /* TFYReplicatorLayerChainModel.h */,
				36AE683529974EC90013EF3B /* TFYReplicatorLayerChainModel.m */,
				36AE683729974F330013EF3B /* TFYScrollLayerChainModel.h */,
				36AE683829974F330013EF3B /* TFYScrollLayerChainModel.m */,
				36AE683A29974FA20013EF3B /* TFYShaperLayerChainModel.h */,
				36AE683B29974FA20013EF3B /* TFYShaperLayerChainModel.m */,
				36AE683D299750090013EF3B /* TFYTextLayerChainModel.h */,
				36AE683E299750090013EF3B /* TFYTextLayerChainModel.m */,
				36AE6840299750690013EF3B /* TFYTiledLayerChainModel.h */,
				36AE6841299750690013EF3B /* TFYTiledLayerChainModel.m */,
				36AE6843299750BF0013EF3B /* TFYTransFormLayerChainModel.h */,
				36AE6844299750BF0013EF3B /* TFYTransFormLayerChainModel.m */,
				36AE6846299751220013EF3B /* CALayer+TFY_Chain.h */,
				36AE6847299751220013EF3B /* CALayer+TFY_Chain.m */,
			);
			path = TFYCALayer;
			sourceTree = "<group>";
		};
		36AE681F29973FCD0013EF3B /* TFYNSView */ = {
			isa = PBXGroup;
			children = (
				36AE685C2997638C0013EF3B /* TFYNSView.h */,
				36AE6860299767880013EF3B /* TFYBaseViewChainModel.h */,
				36AE6861299767880013EF3B /* TFYBaseViewChainModel.m */,
				36AE686D29979C2B0013EF3B /* TFYBaseViewChainModel+Masonry.h */,
				36AE686E29979C2B0013EF3B /* TFYBaseViewChainModel+Masonry.m */,
				36AE686629978D650013EF3B /* TFYBaseControlChainModel.h */,
				36AE686729978D650013EF3B /* TFYBaseControlChainModel.m */,
				36AE686A299797DA0013EF3B /* TFYBaseScrollViewChainModel.h */,
				36AE686B299797DA0013EF3B /* TFYBaseScrollViewChainModel.m */,
			);
			path = TFYNSView;
			sourceTree = "<group>";
		};
		36AE682029973FCD0013EF3B /* TFYNSGesture */ = {
			isa = PBXGroup;
			children = (
				36AE684C29975D3F0013EF3B /* TFYNSGesture.h */,
				36AE6849299751DC0013EF3B /* TFYBaseGestureChainModel.h */,
				36AE684A299751DC0013EF3B /* TFYBaseGestureChainModel.m */,
				36AE684D29975D7B0013EF3B /* TFYLongPressGestureChainModel.h */,
				36AE684E29975D7B0013EF3B /* TFYLongPressGestureChainModel.m */,
				36AE685029975F320013EF3B /* TFYPanGestureChainModel.h */,
				36AE685129975F320013EF3B /* TFYPanGestureChainModel.m */,
				36AE6856299761580013EF3B /* TFYRotationGestureChainModel.h */,
				36AE6857299761580013EF3B /* TFYRotationGestureChainModel.m */,
				36AE6859299762010013EF3B /* TFYSwipeGestureChainModel.h */,
				36AE685A299762010013EF3B /* TFYSwipeGestureChainModel.m */,
			);
			path = TFYNSGesture;
			sourceTree = "<group>";
		};
		36AE682129973FCD0013EF3B /* TFYChainBase */ = {
			isa = PBXGroup;
			children = (
				36AE6822299740340013EF3B /* TFYChainDefine.h */,
				36AE6826299741B90013EF3B /* TFYChainBaseModel+TFY_Tools.h */,
				36AE6823299741580013EF3B /* TFYChainBaseModel.h */,
				36AE6824299741580013EF3B /* TFYChainBaseModel.m */,
			);
			path = TFYChainBase;
			sourceTree = "<group>";
		};
/* End PBXGroup section */

/* Begin PBXNativeTarget section */
		36AE674229961FAF0013EF3B /* TFYMacOSAppKit_OC */ = {
			isa = PBXNativeTarget;
			buildConfigurationList = 36AE676C29961FB00013EF3B /* Build configuration list for PBXNativeTarget "TFYMacOSAppKit_OC" */;
			buildPhases = (
				36AE673F29961FAF0013EF3B /* Sources */,
				36AE674029961FAF0013EF3B /* Frameworks */,
				36AE674129961FAF0013EF3B /* Resources */,
			);
			buildRules = (
			);
			dependencies = (
			);
			name = TFYMacOSAppKit_OC;
			productName = TFYMacOSAppKit_OC;
			productReference = 36AE674329961FAF0013EF3B /* TFYMacOSAppKit_OC.app */;
			productType = "com.apple.product-type.application";
		};
		36AE675729961FB00013EF3B /* TFYMacOSAppKit_OCTests */ = {
			isa = PBXNativeTarget;
			buildConfigurationList = 36AE676F29961FB00013EF3B /* Build configuration list for PBXNativeTarget "TFYMacOSAppKit_OCTests" */;
			buildPhases = (
				36AE675429961FB00013EF3B /* Sources */,
				36AE675529961FB00013EF3B /* Frameworks */,
				36AE675629961FB00013EF3B /* Resources */,
			);
			buildRules = (
			);
			dependencies = (
				36AE675A29961FB00013EF3B /* PBXTargetDependency */,
			);
			name = TFYMacOSAppKit_OCTests;
			productName = TFYMacOSAppKit_OCTests;
			productReference = 36AE675829961FB00013EF3B /* TFYMacOSAppKit_OCTests.xctest */;
			productType = "com.apple.product-type.bundle.unit-test";
		};
		36AE676129961FB00013EF3B /* TFYMacOSAppKit_OCUITests */ = {
			isa = PBXNativeTarget;
			buildConfigurationList = 36AE677229961FB00013EF3B /* Build configuration list for PBXNativeTarget "TFYMacOSAppKit_OCUITests" */;
			buildPhases = (
				36AE675E29961FB00013EF3B /* Sources */,
				36AE675F29961FB00013EF3B /* Frameworks */,
				36AE676029961FB00013EF3B /* Resources */,
			);
			buildRules = (
			);
			dependencies = (
				36AE676429961FB00013EF3B /* PBXTargetDependency */,
			);
			name = TFYMacOSAppKit_OCUITests;
			productName = TFYMacOSAppKit_OCUITests;
			productReference = 36AE676229961FB00013EF3B /* TFYMacOSAppKit_OCUITests.xctest */;
			productType = "com.apple.product-type.bundle.ui-testing";
		};
/* End PBXNativeTarget section */

/* Begin PBXProject section */
		36AE673B29961FAF0013EF3B /* Project object */ = {
			isa = PBXProject;
			attributes = {
				BuildIndependentTargetsInParallel = 1;
				LastUpgradeCheck = 1420;
				TargetAttributes = {
					36AE674229961FAF0013EF3B = {
						CreatedOnToolsVersion = 14.2;
					};
					36AE675729961FB00013EF3B = {
						CreatedOnToolsVersion = 14.2;
						TestTargetID = 36AE674229961FAF0013EF3B;
					};
					36AE676129961FB00013EF3B = {
						CreatedOnToolsVersion = 14.2;
						TestTargetID = 36AE674229961FAF0013EF3B;
					};
				};
			};
			buildConfigurationList = 36AE673E29961FAF0013EF3B /* Build configuration list for PBXProject "TFYMacOSAppKit_OC" */;
			compatibilityVersion = "Xcode 14.0";
			developmentRegion = en;
			hasScannedForEncodings = 0;
			knownRegions = (
				en,
				Base,
			);
			mainGroup = 36AE673A29961FAF0013EF3B;
			productRefGroup = 36AE674429961FAF0013EF3B /* Products */;
			projectDirPath = "";
			projectRoot = "";
			targets = (
				36AE674229961FAF0013EF3B /* TFYMacOSAppKit_OC */,
				36AE675729961FB00013EF3B /* TFYMacOSAppKit_OCTests */,
				36AE676129961FB00013EF3B /* TFYMacOSAppKit_OCUITests */,
			);
		};
/* End PBXProject section */

/* Begin PBXResourcesBuildPhase section */
		36AE674129961FAF0013EF3B /* Resources */ = {
			isa = PBXResourcesBuildPhase;
			buildActionMask = 2147483647;
			files = (
				36AE674D29961FB00013EF3B /* Assets.xcassets in Resources */,
				36AE675029961FB00013EF3B /* Main.storyboard in Resources */,
			);
			runOnlyForDeploymentPostprocessing = 0;
		};
		36AE675629961FB00013EF3B /* Resources */ = {
			isa = PBXResourcesBuildPhase;
			buildActionMask = 2147483647;
			files = (
			);
			runOnlyForDeploymentPostprocessing = 0;
		};
		36AE676029961FB00013EF3B /* Resources */ = {
			isa = PBXResourcesBuildPhase;
			buildActionMask = 2147483647;
			files = (
			);
			runOnlyForDeploymentPostprocessing = 0;
		};
/* End PBXResourcesBuildPhase section */

/* Begin PBXSourcesBuildPhase section */
		36AE673F29961FAF0013EF3B /* Sources */ = {
			isa = PBXSourcesBuildPhase;
			buildActionMask = 2147483647;
			files = (
				36AE67DC29961FFF0013EF3B /* NSMutableAttributedString+Config.m in Sources */,
				36AE6858299761580013EF3B /* TFYRotationGestureChainModel.m in Sources */,
				36AE67D529961FFF0013EF3B /* NSUserDefaults+Dejal.m in Sources */,
				36AE6813299737620013EF3B /* NSString+Extend.m in Sources */,
				36AE67EA29961FFF0013EF3B /* NSViewController+Dejal.m in Sources */,
				36AE683F299750090013EF3B /* TFYTextLayerChainModel.m in Sources */,
				36AE67D129961FFF0013EF3B /* NSString+AppKit+Dejal.m in Sources */,
				36AE67DA29961FFF0013EF3B /* NSObject+Dejal.m in Sources */,
				36AE684B299751DC0013EF3B /* TFYBaseGestureChainModel.m in Sources */,
				36AE674B29961FAF0013EF3B /* ViewController.m in Sources */,
				36AE67E229961FFF0013EF3B /* NSColor+Dejal.m in Sources */,
				36AE67CC29961FFF0013EF3B /* NSDictionary+Dejal.m in Sources */,
				36AE67CF29961FFF0013EF3B /* NSString+Dejal.m in Sources */,
				36AE67CE29961FFF0013EF3B /* NSMutableAttributedString+Parse.m in Sources */,
				36AE684F29975D7B0013EF3B /* TFYLongPressGestureChainModel.m in Sources */,
				36AE6825299741580013EF3B /* TFYChainBaseModel.m in Sources */,
				36AE67CD29961FFF0013EF3B /* NSObject+AppKit+Dejal.m in Sources */,
				36AE686F29979C2B0013EF3B /* TFYBaseViewChainModel+Masonry.m in Sources */,
				36AE6812299737620013EF3B /* NSAttributedString+TFY_Tools.m in Sources */,
				36AE67EE29961FFF0013EF3B /* NSTableView+Dejal.m in Sources */,
				36AE67DE29961FFF0013EF3B /* NSArray+Dejal.m in Sources */,
				36AE67D929961FFF0013EF3B /* NSDictionary+AppKit+Dejal.m in Sources */,
				36AE680E299737620013EF3B /* NSMutableParagraphStyle+TFY_Chain.m in Sources */,
				36AE682A299743ED0013EF3B /* TFYBaseLayerChainModel.m in Sources */,
				36AE67D029961FFF0013EF3B /* NSMutableAttributedString+CTFrameRef.m in Sources */,
				36AE6811299737620013EF3B /* NSData+TFY_Data.m in Sources */,
				36AE680F299737620013EF3B /* NSNumber+TFY_Tools.m in Sources */,
				36AE6814299737620013EF3B /* NSDictionary+TFY_Tools.m in Sources */,
				36AE67EB29961FFF0013EF3B /* NSTextField+Dejal.m in Sources */,
				36AE675229961FB00013EF3B /* main.m in Sources */,
				36AE67DB29961FFF0013EF3B /* NSAttributedString+AppKit+Dejal.m in Sources */,
				36AE67E429961FFF0013EF3B /* NSToolbar+Dejal.m in Sources */,
				36AE67D629961FFF0013EF3B /* TFYAttributedImageInfo.m in Sources */,
				36AE682D299748480013EF3B /* TFYEmiiterLayerChainModel.m in Sources */,
				36AE67D329961FFF0013EF3B /* NSAttributedString+Dejal.m in Sources */,
				36AE683629974EC90013EF3B /* TFYReplicatorLayerChainModel.m in Sources */,
				36AE674829961FAF0013EF3B /* AppDelegate.m in Sources */,
				36AE67E829961FFF0013EF3B /* NSPopover+Hook.m in Sources */,
				36AE67E929961FFF0013EF3B /* NSMenu+Dejal.m in Sources */,
				36AE680D299737620013EF3B /* NSArray+TFY_Tools.m in Sources */,
				36AE67ED29961FFF0013EF3B /* NSImage+Dejal.m in Sources */,
				36AE67E029961FFF0013EF3B /* NSSplitView+Dejal.m in Sources */,
				36AE67F229961FFF0013EF3B /* TFYLabel.m in Sources */,
				36AE67E629961FFF0013EF3B /* NSViewController+Hook.m in Sources */,
				36AE6815299737620013EF3B /* NSMutableAttributedString+TFY_Tools.m in Sources */,
				36AE67F129961FFF0013EF3B /* TFYButton.m in Sources */,
				36AE685229975F320013EF3B /* TFYPanGestureChainModel.m in Sources */,
				36AE6842299750690013EF3B /* TFYTiledLayerChainModel.m in Sources */,
				36AE685F299763E40013EF3B /* NSView+TFY_Tools.m in Sources */,
				36AE67E529961FFF0013EF3B /* NSProgressIndicator+Dejal.m in Sources */,
				36AE6818299737A80013EF3B /* NSString+TFY_String.m in Sources */,
				36AE683929974F330013EF3B /* TFYScrollLayerChainModel.m in Sources */,
				36AE67EF29961FFF0013EF3B /* NSScreen+Dejal.m in Sources */,
				36AE686C299797DA0013EF3B /* TFYBaseScrollViewChainModel.m in Sources */,
				36AE683029974DB30013EF3B /* TFYGradientLayerChainModel.m in Sources */,
				36AE683C29974FA20013EF3B /* TFYShaperLayerChainModel.m in Sources */,
				36AE683329974E740013EF3B /* TFYLayerChainModel.m in Sources */,
				36AE686829978D650013EF3B /* TFYBaseControlChainModel.m in Sources */,
				36AE67D429961FFF0013EF3B /* NSFileManager+AppKit+Dejal.m in Sources */,
				36AE67E329961FFF0013EF3B /* NSPopUpButton+Dejal.m in Sources */,
				36AE6845299750BF0013EF3B /* TFYTransFormLayerChainModel.m in Sources */,
				36AE67F029961FFF0013EF3B /* NSOutlineView+Dejal.m in Sources */,
				36AE67DF29961FFF0013EF3B /* NSButton+Dejal.m in Sources */,
				36AE67D729961FFF0013EF3B /* NSUserDefaults+AppKit+Dejal.m in Sources */,
				36AE67D229961FFF0013EF3B /* NSDate+Dejal.m in Sources */,
				36AE67FA299726C90013EF3B /* TFYTextField.m in Sources */,
				36AE67E729961FFF0013EF3B /* NSView+Dejal.m in Sources */,
				36AE6848299751220013EF3B /* CALayer+TFY_Chain.m in Sources */,
				36AE67D829961FFF0013EF3B /* NSData+Dejal.m in Sources */,
				36AE6862299767880013EF3B /* TFYBaseViewChainModel.m in Sources */,
				36AE67E129961FFF0013EF3B /* NSTextView+Dejal.m in Sources */,
				36AE67F329961FFF0013EF3B /* TFYAttributedLabel.m in Sources */,
				36AE67DD29961FFF0013EF3B /* NSFileManager+Dejal.m in Sources */,
				36AE67EC29961FFF0013EF3B /* NSWindow+Dejal.m in Sources */,
				36AE681B299737FA0013EF3B /* NSFileManager+TFY_Tools.m in Sources */,
				36AE6865299770850013EF3B /* NSGestureRecognizer+TFY_Tools.m in Sources */,
				36AE685B299762010013EF3B /* TFYSwipeGestureChainModel.m in Sources */,
			);
			runOnlyForDeploymentPostprocessing = 0;
		};
		36AE675429961FB00013EF3B /* Sources */ = {
			isa = PBXSourcesBuildPhase;
			buildActionMask = 2147483647;
			files = (
				36AE675D29961FB00013EF3B /* TFYMacOSAppKit_OCTests.m in Sources */,
			);
			runOnlyForDeploymentPostprocessing = 0;
		};
		36AE675E29961FB00013EF3B /* Sources */ = {
			isa = PBXSourcesBuildPhase;
			buildActionMask = 2147483647;
			files = (
				36AE676729961FB00013EF3B /* TFYMacOSAppKit_OCUITests.m in Sources */,
				36AE676929961FB00013EF3B /* TFYMacOSAppKit_OCUITestsLaunchTests.m in Sources */,
			);
			runOnlyForDeploymentPostprocessing = 0;
		};
/* End PBXSourcesBuildPhase section */

/* Begin PBXTargetDependency section */
		36AE675A29961FB00013EF3B /* PBXTargetDependency */ = {
			isa = PBXTargetDependency;
			target = 36AE674229961FAF0013EF3B /* TFYMacOSAppKit_OC */;
			targetProxy = 36AE675929961FB00013EF3B /* PBXContainerItemProxy */;
		};
		36AE676429961FB00013EF3B /* PBXTargetDependency */ = {
			isa = PBXTargetDependency;
			target = 36AE674229961FAF0013EF3B /* TFYMacOSAppKit_OC */;
			targetProxy = 36AE676329961FB00013EF3B /* PBXContainerItemProxy */;
		};
/* End PBXTargetDependency section */

/* Begin PBXVariantGroup section */
		36AE674E29961FB00013EF3B /* Main.storyboard */ = {
			isa = PBXVariantGroup;
			children = (
				36AE674F29961FB00013EF3B /* Base */,
			);
			name = Main.storyboard;
			sourceTree = "<group>";
		};
/* End PBXVariantGroup section */

/* Begin XCBuildConfiguration section */
		36AE676A29961FB00013EF3B /* Debug */ = {
			isa = XCBuildConfiguration;
			buildSettings = {
				ALWAYS_SEARCH_USER_PATHS = NO;
				CLANG_ANALYZER_NONNULL = YES;
				CLANG_ANALYZER_NUMBER_OBJECT_CONVERSION = YES_AGGRESSIVE;
				CLANG_CXX_LANGUAGE_STANDARD = "gnu++20";
				CLANG_ENABLE_MODULES = YES;
				CLANG_ENABLE_OBJC_ARC = YES;
				CLANG_ENABLE_OBJC_WEAK = YES;
				CLANG_WARN_BLOCK_CAPTURE_AUTORELEASING = YES;
				CLANG_WARN_BOOL_CONVERSION = YES;
				CLANG_WARN_COMMA = YES;
				CLANG_WARN_CONSTANT_CONVERSION = YES;
				CLANG_WARN_DEPRECATED_OBJC_IMPLEMENTATIONS = YES;
				CLANG_WARN_DIRECT_OBJC_ISA_USAGE = YES_ERROR;
				CLANG_WARN_DOCUMENTATION_COMMENTS = YES;
				CLANG_WARN_EMPTY_BODY = YES;
				CLANG_WARN_ENUM_CONVERSION = YES;
				CLANG_WARN_INFINITE_RECURSION = YES;
				CLANG_WARN_INT_CONVERSION = YES;
				CLANG_WARN_NON_LITERAL_NULL_CONVERSION = YES;
				CLANG_WARN_OBJC_IMPLICIT_RETAIN_SELF = YES;
				CLANG_WARN_OBJC_LITERAL_CONVERSION = YES;
				CLANG_WARN_OBJC_ROOT_CLASS = YES_ERROR;
				CLANG_WARN_QUOTED_INCLUDE_IN_FRAMEWORK_HEADER = YES;
				CLANG_WARN_RANGE_LOOP_ANALYSIS = YES;
				CLANG_WARN_STRICT_PROTOTYPES = YES;
				CLANG_WARN_SUSPICIOUS_MOVE = YES;
				CLANG_WARN_UNGUARDED_AVAILABILITY = YES_AGGRESSIVE;
				CLANG_WARN_UNREACHABLE_CODE = YES;
				CLANG_WARN__DUPLICATE_METHOD_MATCH = YES;
				COPY_PHASE_STRIP = NO;
				DEBUG_INFORMATION_FORMAT = dwarf;
				ENABLE_STRICT_OBJC_MSGSEND = YES;
				ENABLE_TESTABILITY = YES;
				GCC_C_LANGUAGE_STANDARD = gnu11;
				GCC_DYNAMIC_NO_PIC = NO;
				GCC_NO_COMMON_BLOCKS = YES;
				GCC_OPTIMIZATION_LEVEL = 0;
				GCC_PREPROCESSOR_DEFINITIONS = (
					"DEBUG=1",
					"$(inherited)",
				);
				GCC_WARN_64_TO_32_BIT_CONVERSION = YES;
				GCC_WARN_ABOUT_RETURN_TYPE = YES_ERROR;
				GCC_WARN_UNDECLARED_SELECTOR = YES;
				GCC_WARN_UNINITIALIZED_AUTOS = YES_AGGRESSIVE;
				GCC_WARN_UNUSED_FUNCTION = YES;
				GCC_WARN_UNUSED_VARIABLE = YES;
				MACOSX_DEPLOYMENT_TARGET = 13.1;
				MTL_ENABLE_DEBUG_INFO = INCLUDE_SOURCE;
				MTL_FAST_MATH = YES;
				ONLY_ACTIVE_ARCH = YES;
				SDKROOT = macosx;
			};
			name = Debug;
		};
		36AE676B29961FB00013EF3B /* Release */ = {
			isa = XCBuildConfiguration;
			buildSettings = {
				ALWAYS_SEARCH_USER_PATHS = NO;
				CLANG_ANALYZER_NONNULL = YES;
				CLANG_ANALYZER_NUMBER_OBJECT_CONVERSION = YES_AGGRESSIVE;
				CLANG_CXX_LANGUAGE_STANDARD = "gnu++20";
				CLANG_ENABLE_MODULES = YES;
				CLANG_ENABLE_OBJC_ARC = YES;
				CLANG_ENABLE_OBJC_WEAK = YES;
				CLANG_WARN_BLOCK_CAPTURE_AUTORELEASING = YES;
				CLANG_WARN_BOOL_CONVERSION = YES;
				CLANG_WARN_COMMA = YES;
				CLANG_WARN_CONSTANT_CONVERSION = YES;
				CLANG_WARN_DEPRECATED_OBJC_IMPLEMENTATIONS = YES;
				CLANG_WARN_DIRECT_OBJC_ISA_USAGE = YES_ERROR;
				CLANG_WARN_DOCUMENTATION_COMMENTS = YES;
				CLANG_WARN_EMPTY_BODY = YES;
				CLANG_WARN_ENUM_CONVERSION = YES;
				CLANG_WARN_INFINITE_RECURSION = YES;
				CLANG_WARN_INT_CONVERSION = YES;
				CLANG_WARN_NON_LITERAL_NULL_CONVERSION = YES;
				CLANG_WARN_OBJC_IMPLICIT_RETAIN_SELF = YES;
				CLANG_WARN_OBJC_LITERAL_CONVERSION = YES;
				CLANG_WARN_OBJC_ROOT_CLASS = YES_ERROR;
				CLANG_WARN_QUOTED_INCLUDE_IN_FRAMEWORK_HEADER = YES;
				CLANG_WARN_RANGE_LOOP_ANALYSIS = YES;
				CLANG_WARN_STRICT_PROTOTYPES = YES;
				CLANG_WARN_SUSPICIOUS_MOVE = YES;
				CLANG_WARN_UNGUARDED_AVAILABILITY = YES_AGGRESSIVE;
				CLANG_WARN_UNREACHABLE_CODE = YES;
				CLANG_WARN__DUPLICATE_METHOD_MATCH = YES;
				COPY_PHASE_STRIP = NO;
				DEBUG_INFORMATION_FORMAT = "dwarf-with-dsym";
				ENABLE_NS_ASSERTIONS = NO;
				ENABLE_STRICT_OBJC_MSGSEND = YES;
				GCC_C_LANGUAGE_STANDARD = gnu11;
				GCC_NO_COMMON_BLOCKS = YES;
				GCC_WARN_64_TO_32_BIT_CONVERSION = YES;
				GCC_WARN_ABOUT_RETURN_TYPE = YES_ERROR;
				GCC_WARN_UNDECLARED_SELECTOR = YES;
				GCC_WARN_UNINITIALIZED_AUTOS = YES_AGGRESSIVE;
				GCC_WARN_UNUSED_FUNCTION = YES;
				GCC_WARN_UNUSED_VARIABLE = YES;
				MACOSX_DEPLOYMENT_TARGET = 13.1;
				MTL_ENABLE_DEBUG_INFO = NO;
				MTL_FAST_MATH = YES;
				SDKROOT = macosx;
			};
			name = Release;
		};
		36AE676D29961FB00013EF3B /* Debug */ = {
			isa = XCBuildConfiguration;
			buildSettings = {
				ASSETCATALOG_COMPILER_APPICON_NAME = AppIcon;
				ASSETCATALOG_COMPILER_GLOBAL_ACCENT_COLOR_NAME = AccentColor;
				CODE_SIGN_ENTITLEMENTS = TFYMacOSAppKit_OC/TFYMacOSAppKit_OC.entitlements;
				CODE_SIGN_STYLE = Automatic;
				COMBINE_HIDPI_IMAGES = YES;
				CURRENT_PROJECT_VERSION = 1;
				DEVELOPMENT_TEAM = QH95759TSS;
				ENABLE_HARDENED_RUNTIME = YES;
				GENERATE_INFOPLIST_FILE = YES;
				INFOPLIST_KEY_NSHumanReadableCopyright = "";
				INFOPLIST_KEY_NSMainStoryboardFile = Main;
				INFOPLIST_KEY_NSPrincipalClass = NSApplication;
				LD_RUNPATH_SEARCH_PATHS = (
					"$(inherited)",
					"@executable_path/../Frameworks",
				);
				MARKETING_VERSION = 1.0;
				PRODUCT_BUNDLE_IDENTIFIER = "com.tfy.chat.company.TFYMacOSAppKit-OC";
				PRODUCT_NAME = "$(TARGET_NAME)";
				SWIFT_EMIT_LOC_STRINGS = YES;
			};
			name = Debug;
		};
		36AE676E29961FB00013EF3B /* Release */ = {
			isa = XCBuildConfiguration;
			buildSettings = {
				ASSETCATALOG_COMPILER_APPICON_NAME = AppIcon;
				ASSETCATALOG_COMPILER_GLOBAL_ACCENT_COLOR_NAME = AccentColor;
				CODE_SIGN_ENTITLEMENTS = TFYMacOSAppKit_OC/TFYMacOSAppKit_OC.entitlements;
				CODE_SIGN_STYLE = Automatic;
				COMBINE_HIDPI_IMAGES = YES;
				CURRENT_PROJECT_VERSION = 1;
				DEVELOPMENT_TEAM = QH95759TSS;
				ENABLE_HARDENED_RUNTIME = YES;
				GENERATE_INFOPLIST_FILE = YES;
				INFOPLIST_KEY_NSHumanReadableCopyright = "";
				INFOPLIST_KEY_NSMainStoryboardFile = Main;
				INFOPLIST_KEY_NSPrincipalClass = NSApplication;
				LD_RUNPATH_SEARCH_PATHS = (
					"$(inherited)",
					"@executable_path/../Frameworks",
				);
				MARKETING_VERSION = 1.0;
				PRODUCT_BUNDLE_IDENTIFIER = "com.tfy.chat.company.TFYMacOSAppKit-OC";
				PRODUCT_NAME = "$(TARGET_NAME)";
				SWIFT_EMIT_LOC_STRINGS = YES;
			};
			name = Release;
		};
		36AE677029961FB00013EF3B /* Debug */ = {
			isa = XCBuildConfiguration;
			buildSettings = {
				BUNDLE_LOADER = "$(TEST_HOST)";
				CODE_SIGN_STYLE = Automatic;
				CURRENT_PROJECT_VERSION = 1;
				DEVELOPMENT_TEAM = QH95759TSS;
				GENERATE_INFOPLIST_FILE = YES;
				MACOSX_DEPLOYMENT_TARGET = 13.1;
				MARKETING_VERSION = 1.0;
				PRODUCT_BUNDLE_IDENTIFIER = "com.tfy.chat.company.TFYMacOSAppKit-OCTests";
				PRODUCT_NAME = "$(TARGET_NAME)";
				SWIFT_EMIT_LOC_STRINGS = NO;
				TEST_HOST = "$(BUILT_PRODUCTS_DIR)/TFYMacOSAppKit_OC.app/$(BUNDLE_EXECUTABLE_FOLDER_PATH)/TFYMacOSAppKit_OC";
			};
			name = Debug;
		};
		36AE677129961FB00013EF3B /* Release */ = {
			isa = XCBuildConfiguration;
			buildSettings = {
				BUNDLE_LOADER = "$(TEST_HOST)";
				CODE_SIGN_STYLE = Automatic;
				CURRENT_PROJECT_VERSION = 1;
				DEVELOPMENT_TEAM = QH95759TSS;
				GENERATE_INFOPLIST_FILE = YES;
				MACOSX_DEPLOYMENT_TARGET = 13.1;
				MARKETING_VERSION = 1.0;
				PRODUCT_BUNDLE_IDENTIFIER = "com.tfy.chat.company.TFYMacOSAppKit-OCTests";
				PRODUCT_NAME = "$(TARGET_NAME)";
				SWIFT_EMIT_LOC_STRINGS = NO;
				TEST_HOST = "$(BUILT_PRODUCTS_DIR)/TFYMacOSAppKit_OC.app/$(BUNDLE_EXECUTABLE_FOLDER_PATH)/TFYMacOSAppKit_OC";
			};
			name = Release;
		};
		36AE677329961FB00013EF3B /* Debug */ = {
			isa = XCBuildConfiguration;
			buildSettings = {
				CODE_SIGN_STYLE = Automatic;
				CURRENT_PROJECT_VERSION = 1;
				DEVELOPMENT_TEAM = QH95759TSS;
				GENERATE_INFOPLIST_FILE = YES;
				MARKETING_VERSION = 1.0;
				PRODUCT_BUNDLE_IDENTIFIER = "com.tfy.chat.company.TFYMacOSAppKit-OCUITests";
				PRODUCT_NAME = "$(TARGET_NAME)";
				SWIFT_EMIT_LOC_STRINGS = NO;
				TEST_TARGET_NAME = TFYMacOSAppKit_OC;
			};
			name = Debug;
		};
		36AE677429961FB00013EF3B /* Release */ = {
			isa = XCBuildConfiguration;
			buildSettings = {
				CODE_SIGN_STYLE = Automatic;
				CURRENT_PROJECT_VERSION = 1;
				DEVELOPMENT_TEAM = QH95759TSS;
				GENERATE_INFOPLIST_FILE = YES;
				MARKETING_VERSION = 1.0;
				PRODUCT_BUNDLE_IDENTIFIER = "com.tfy.chat.company.TFYMacOSAppKit-OCUITests";
				PRODUCT_NAME = "$(TARGET_NAME)";
				SWIFT_EMIT_LOC_STRINGS = NO;
				TEST_TARGET_NAME = TFYMacOSAppKit_OC;
			};
			name = Release;
		};
/* End XCBuildConfiguration section */

/* Begin XCConfigurationList section */
		36AE673E29961FAF0013EF3B /* Build configuration list for PBXProject "TFYMacOSAppKit_OC" */ = {
			isa = XCConfigurationList;
			buildConfigurations = (
				36AE676A29961FB00013EF3B /* Debug */,
				36AE676B29961FB00013EF3B /* Release */,
			);
			defaultConfigurationIsVisible = 0;
			defaultConfigurationName = Release;
		};
		36AE676C29961FB00013EF3B /* Build configuration list for PBXNativeTarget "TFYMacOSAppKit_OC" */ = {
			isa = XCConfigurationList;
			buildConfigurations = (
				36AE676D29961FB00013EF3B /* Debug */,
				36AE676E29961FB00013EF3B /* Release */,
			);
			defaultConfigurationIsVisible = 0;
			defaultConfigurationName = Release;
		};
		36AE676F29961FB00013EF3B /* Build configuration list for PBXNativeTarget "TFYMacOSAppKit_OCTests" */ = {
			isa = XCConfigurationList;
			buildConfigurations = (
				36AE677029961FB00013EF3B /* Debug */,
				36AE677129961FB00013EF3B /* Release */,
			);
			defaultConfigurationIsVisible = 0;
			defaultConfigurationName = Release;
		};
		36AE677229961FB00013EF3B /* Build configuration list for PBXNativeTarget "TFYMacOSAppKit_OCUITests" */ = {
			isa = XCConfigurationList;
			buildConfigurations = (
				36AE677329961FB00013EF3B /* Debug */,
				36AE677429961FB00013EF3B /* Release */,
			);
			defaultConfigurationIsVisible = 0;
			defaultConfigurationName = Release;
		};
/* End XCConfigurationList section */
	};
	rootObject = 36AE673B29961FAF0013EF3B /* Project object */;
}
